// !$*UTF8*$!
{
	archiveVersion = 1;
	classes = {
	};
	objectVersion = 46;
	objects = {

/* Begin PBXBuildFile section */
		D60EF9AB13C9F806002627AA /* SessionList.m in Sources */ = {isa = PBXBuildFile; fileRef = D60EF98113C9F806002627AA /* SessionList.m */; };
		D60EF9AC13C9F806002627AA /* Stack.m in Sources */ = {isa = PBXBuildFile; fileRef = D60EF98313C9F806002627AA /* Stack.m */; };
		D60EF9AD13C9F806002627AA /* NetCacheManager.m in Sources */ = {isa = PBXBuildFile; fileRef = D60EF98513C9F806002627AA /* NetCacheManager.m */; };
		D60EF9AE13C9F806002627AA /* CacheManager.m in Sources */ = {isa = PBXBuildFile; fileRef = D60EF98713C9F806002627AA /* CacheManager.m */; };
		D60EF9AF13C9F806002627AA /* GLLock.m in Sources */ = {isa = PBXBuildFile; fileRef = D60EF98913C9F806002627AA /* GLLock.m */; };
		D60EF9B013C9F806002627AA /* GigaPixel.m in Sources */ = {isa = PBXBuildFile; fileRef = D60EF98A13C9F806002627AA /* GigaPixel.m */; };
		D60EF9B113C9F806002627AA /* PyramidLevel.m in Sources */ = {isa = PBXBuildFile; fileRef = D60EF98E13C9F806002627AA /* PyramidLevel.m */; };
		D60EF9B213C9F806002627AA /* Tile.m in Sources */ = {isa = PBXBuildFile; fileRef = D60EF99013C9F806002627AA /* Tile.m */; };
		D60EF9B313C9F806002627AA /* TileLoader.m in Sources */ = {isa = PBXBuildFile; fileRef = D60EF99213C9F806002627AA /* TileLoader.m */; };
		D60EF9B413C9F806002627AA /* TileManager.m in Sources */ = {isa = PBXBuildFile; fileRef = D60EF99413C9F806002627AA /* TileManager.m */; };
		D60EF9B513C9F806002627AA /* sourceUtil.c in Sources */ = {isa = PBXBuildFile; fileRef = D60EF99613C9F806002627AA /* sourceUtil.c */; };
		D60EF9B613C9F806002627AA /* PrefetchManager.m in Sources */ = {isa = PBXBuildFile; fileRef = D60EF99813C9F806002627AA /* PrefetchManager.m */; };
		D60EF9B713C9F806002627AA /* ES1Renderer.m in Sources */ = {isa = PBXBuildFile; fileRef = D60EF99A13C9F806002627AA /* ES1Renderer.m */; };
		D60EF9B813C9F806002627AA /* EAGLView.m in Sources */ = {isa = PBXBuildFile; fileRef = D60EF99D13C9F806002627AA /* EAGLView.m */; };
		D60EF9B913C9F806002627AA /* Texture2D.m in Sources */ = {isa = PBXBuildFile; fileRef = D60EF99F13C9F806002627AA /* Texture2D.m */; };
		D60EF9BA13C9F806002627AA /* Message.m in Sources */ = {isa = PBXBuildFile; fileRef = D60EF9A113C9F806002627AA /* Message.m */; };
		D60EF9BB13C9F806002627AA /* PollMsg.m in Sources */ = {isa = PBXBuildFile; fileRef = D60EF9A313C9F806002627AA /* PollMsg.m */; };
		D60EF9BC13C9F806002627AA /* esShader.c in Sources */ = {isa = PBXBuildFile; fileRef = D60EF9A413C9F806002627AA /* esShader.c */; };
		D60EF9BD13C9F806002627AA /* esShapes.c in Sources */ = {isa = PBXBuildFile; fileRef = D60EF9A513C9F806002627AA /* esShapes.c */; };
		D60EF9BE13C9F806002627AA /* esTransform.c in Sources */ = {isa = PBXBuildFile; fileRef = D60EF9A613C9F806002627AA /* esTransform.c */; };
		D60EF9BF13C9F806002627AA /* esUtil.c in Sources */ = {isa = PBXBuildFile; fileRef = D60EF9A713C9F806002627AA /* esUtil.c */; };
		D60EF9C013C9F806002627AA /* URLCacheConnection.m in Sources */ = {isa = PBXBuildFile; fileRef = D60EF9AA13C9F806002627AA /* URLCacheConnection.m */; };
		D60EF9D313C9F82E002627AA /* Icon.png in Resources */ = {isa = PBXBuildFile; fileRef = D60EF9C613C9F82E002627AA /* Icon.png */; };
		D60EF9D413C9F82E002627AA /* header3.txt in Resources */ = {isa = PBXBuildFile; fileRef = D60EF9C713C9F82E002627AA /* header3.txt */; };
		D60EF9D513C9F82E002627AA /* header4.txt in Resources */ = {isa = PBXBuildFile; fileRef = D60EF9C813C9F82E002627AA /* header4.txt */; };
		D60EF9D613C9F82E002627AA /* header5.txt in Resources */ = {isa = PBXBuildFile; fileRef = D60EF9C913C9F82E002627AA /* header5.txt */; };
		D60EF9D713C9F82E002627AA /* header6.txt in Resources */ = {isa = PBXBuildFile; fileRef = D60EF9CA13C9F82E002627AA /* header6.txt */; };
		D60EF9D813C9F82E002627AA /* header7.txt in Resources */ = {isa = PBXBuildFile; fileRef = D60EF9CB13C9F82E002627AA /* header7.txt */; };
		D60EF9D913C9F82E002627AA /* header8.txt in Resources */ = {isa = PBXBuildFile; fileRef = D60EF9CC13C9F82E002627AA /* header8.txt */; };
		D60EF9DA13C9F82E002627AA /* header9.txt in Resources */ = {isa = PBXBuildFile; fileRef = D60EF9CD13C9F82E002627AA /* header9.txt */; };
		D60EF9DB13C9F82E002627AA /* header10.txt in Resources */ = {isa = PBXBuildFile; fileRef = D60EF9CE13C9F82E002627AA /* header10.txt */; };
		D60EF9DC13C9F82E002627AA /* checkers.png in Resources */ = {isa = PBXBuildFile; fileRef = D60EF9CF13C9F82E002627AA /* checkers.png */; };
		D60EF9DF13C9F887002627AA /* OpenGLES.framework in Frameworks */ = {isa = PBXBuildFile; fileRef = D60EF9DE13C9F887002627AA /* OpenGLES.framework */; };
		D60EF9E913CA0A25002627AA /* GigaPixel.plist in Resources */ = {isa = PBXBuildFile; fileRef = D60EF9E813CA0A25002627AA /* GigaPixel.plist */; };
		D657204F13C617E80002AA67 /* UIKit.framework in Frameworks */ = {isa = PBXBuildFile; fileRef = D657204E13C617E80002AA67 /* UIKit.framework */; };
		D657205113C617E80002AA67 /* Foundation.framework in Frameworks */ = {isa = PBXBuildFile; fileRef = D657205013C617E80002AA67 /* Foundation.framework */; };
		D657205313C617E80002AA67 /* CoreGraphics.framework in Frameworks */ = {isa = PBXBuildFile; fileRef = D657205213C617E80002AA67 /* CoreGraphics.framework */; };
		D657205913C617E80002AA67 /* InfoPlist.strings in Resources */ = {isa = PBXBuildFile; fileRef = D657205713C617E80002AA67 /* InfoPlist.strings */; };
		D657205C13C617E80002AA67 /* main.m in Sources */ = {isa = PBXBuildFile; fileRef = D657205B13C617E80002AA67 /* main.m */; };
		D657205F13C617E80002AA67 /* Pathology_interfaceAppDelegate.m in Sources */ = {isa = PBXBuildFile; fileRef = D657205E13C617E80002AA67 /* Pathology_interfaceAppDelegate.m */; };
		D657206213C617E80002AA67 /* MainWindow.xib in Resources */ = {isa = PBXBuildFile; fileRef = D657206013C617E80002AA67 /* MainWindow.xib */; };
		D657207613C618BB0002AA67 /* Reachability.m in Sources */ = {isa = PBXBuildFile; fileRef = D657207513C618BB0002AA67 /* Reachability.m */; };
		D657207813C618DD0002AA67 /* QuartzCore.framework in Frameworks */ = {isa = PBXBuildFile; fileRef = D657207713C618DD0002AA67 /* QuartzCore.framework */; };
		D657207A13C618E70002AA67 /* CFNetwork.framework in Frameworks */ = {isa = PBXBuildFile; fileRef = D657207913C618E70002AA67 /* CFNetwork.framework */; };
		D657207C13C618F30002AA67 /* MobileCoreServices.framework in Frameworks */ = {isa = PBXBuildFile; fileRef = D657207B13C618F30002AA67 /* MobileCoreServices.framework */; };
		D657207E13C618FE0002AA67 /* SystemConfiguration.framework in Frameworks */ = {isa = PBXBuildFile; fileRef = D657207D13C618FE0002AA67 /* SystemConfiguration.framework */; };
		D657208013C6190A0002AA67 /* libz.1.2.3.dylib in Frameworks */ = {isa = PBXBuildFile; fileRef = D657207F13C6190A0002AA67 /* libz.1.2.3.dylib */; };
		D657209D13C61A2A0002AA67 /* ASIAuthenticationDialog.m in Sources */ = {isa = PBXBuildFile; fileRef = D657209513C61A2A0002AA67 /* ASIAuthenticationDialog.m */; };
		D657209E13C61A2A0002AA67 /* ASIDataCompressor.m in Sources */ = {isa = PBXBuildFile; fileRef = D657209613C61A2A0002AA67 /* ASIDataCompressor.m */; };
		D657209F13C61A2A0002AA67 /* ASIDataDecompressor.m in Sources */ = {isa = PBXBuildFile; fileRef = D657209713C61A2A0002AA67 /* ASIDataDecompressor.m */; };
		D65720A013C61A2A0002AA67 /* ASIDownloadCache.m in Sources */ = {isa = PBXBuildFile; fileRef = D657209813C61A2A0002AA67 /* ASIDownloadCache.m */; };
		D65720A113C61A2A0002AA67 /* ASIFormDataRequest.m in Sources */ = {isa = PBXBuildFile; fileRef = D657209913C61A2A0002AA67 /* ASIFormDataRequest.m */; };
		D65720A213C61A2A0002AA67 /* ASIHTTPRequest.m in Sources */ = {isa = PBXBuildFile; fileRef = D657209A13C61A2A0002AA67 /* ASIHTTPRequest.m */; };
		D65720A313C61A2A0002AA67 /* ASIInputStream.m in Sources */ = {isa = PBXBuildFile; fileRef = D657209B13C61A2A0002AA67 /* ASIInputStream.m */; };
		D65720A413C61A2A0002AA67 /* ASINetworkQueue.m in Sources */ = {isa = PBXBuildFile; fileRef = D657209C13C61A2A0002AA67 /* ASINetworkQueue.m */; };
		D65720BC13C61A490002AA67 /* AQGridView.m in Sources */ = {isa = PBXBuildFile; fileRef = D65720B213C61A490002AA67 /* AQGridView.m */; };
		D65720BD13C61A490002AA67 /* AQGridViewAnimatorItem.m in Sources */ = {isa = PBXBuildFile; fileRef = D65720B313C61A490002AA67 /* AQGridViewAnimatorItem.m */; };
		D65720BE13C61A490002AA67 /* AQGridViewCell.m in Sources */ = {isa = PBXBuildFile; fileRef = D65720B413C61A490002AA67 /* AQGridViewCell.m */; };
		D65720BF13C61A490002AA67 /* AQGridViewController.m in Sources */ = {isa = PBXBuildFile; fileRef = D65720B513C61A490002AA67 /* AQGridViewController.m */; };
		D65720C013C61A490002AA67 /* AQGridViewData.m in Sources */ = {isa = PBXBuildFile; fileRef = D65720B613C61A490002AA67 /* AQGridViewData.m */; };
		D65720C113C61A490002AA67 /* AQGridViewUpdateInfo.m in Sources */ = {isa = PBXBuildFile; fileRef = D65720B713C61A490002AA67 /* AQGridViewUpdateInfo.m */; };
		D65720C213C61A490002AA67 /* AQGridViewUpdateItem.m in Sources */ = {isa = PBXBuildFile; fileRef = D65720B813C61A490002AA67 /* AQGridViewUpdateItem.m */; };
		D65720C313C61A490002AA67 /* NSIndexSet+AQIndexesOutsideSet.m in Sources */ = {isa = PBXBuildFile; fileRef = D65720B913C61A490002AA67 /* NSIndexSet+AQIndexesOutsideSet.m */; };
		D65720C413C61A490002AA67 /* NSIndexSet+AQIsSetContiguous.m in Sources */ = {isa = PBXBuildFile; fileRef = D65720BA13C61A490002AA67 /* NSIndexSet+AQIsSetContiguous.m */; };
		D65720C513C61A490002AA67 /* UIColor+AQGridView.m in Sources */ = {isa = PBXBuildFile; fileRef = D65720BB13C61A490002AA67 /* UIColor+AQGridView.m */; };
		D65720D113C61B690002AA67 /* CDataScanner.m in Sources */ = {isa = PBXBuildFile; fileRef = D65720CD13C61B690002AA67 /* CDataScanner.m */; };
		D65720DF13C61D040002AA67 /* CJSONDeserializer.m in Sources */ = {isa = PBXBuildFile; fileRef = D65720DC13C61D040002AA67 /* CJSONDeserializer.m */; };
		D65720E013C61D040002AA67 /* CJSONScanner.m in Sources */ = {isa = PBXBuildFile; fileRef = D65720DD13C61D040002AA67 /* CJSONScanner.m */; };
		D65720E113C61D040002AA67 /* CJSONSerializer.m in Sources */ = {isa = PBXBuildFile; fileRef = D65720DE13C61D040002AA67 /* CJSONSerializer.m */; };
		D65720E613C61D0F0002AA67 /* CDataScanner_Extensions.m in Sources */ = {isa = PBXBuildFile; fileRef = D65720E413C61D0F0002AA67 /* CDataScanner_Extensions.m */; };
		D65720E713C61D0F0002AA67 /* NSDictionary_JSONExtensions.m in Sources */ = {isa = PBXBuildFile; fileRef = D65720E513C61D0F0002AA67 /* NSDictionary_JSONExtensions.m */; };
		D65720EA13C61D900002AA67 /* Section.m in Sources */ = {isa = PBXBuildFile; fileRef = D65720E913C61D900002AA67 /* Section.m */; };
		D65720F113C61DCF0002AA67 /* Chapter.m in Sources */ = {isa = PBXBuildFile; fileRef = D65720F013C61DCF0002AA67 /* Chapter.m */; };
		D65720F413C61E280002AA67 /* ButtonGroup.m in Sources */ = {isa = PBXBuildFile; fileRef = D65720F313C61E280002AA67 /* ButtonGroup.m */; };
		D65720F713C61E630002AA67 /* ButtonGroupButton.m in Sources */ = {isa = PBXBuildFile; fileRef = D65720F613C61E630002AA67 /* ButtonGroupButton.m */; };
		D65720FA13C61EB50002AA67 /* SectionCell.m in Sources */ = {isa = PBXBuildFile; fileRef = D65720F913C61EB50002AA67 /* SectionCell.m */; };
		D657210313C61FC50002AA67 /* SectionsViewController.m in Sources */ = {isa = PBXBuildFile; fileRef = D657210113C61FC50002AA67 /* SectionsViewController.m */; };
		D657210413C61FC50002AA67 /* SectionsViewController.xib in Resources */ = {isa = PBXBuildFile; fileRef = D657210213C61FC50002AA67 /* SectionsViewController.xib */; };
		D657210813C61FE20002AA67 /* ChaptersViewController.m in Sources */ = {isa = PBXBuildFile; fileRef = D657210613C61FE20002AA67 /* ChaptersViewController.m */; };
		D657210913C61FE20002AA67 /* ChaptersViewController.xib in Resources */ = {isa = PBXBuildFile; fileRef = D657210713C61FE20002AA67 /* ChaptersViewController.xib */; };
		D657210D13C6200B0002AA67 /* PathologyViewController.m in Sources */ = {isa = PBXBuildFile; fileRef = D657210B13C6200A0002AA67 /* PathologyViewController.m */; };
		D657210E13C6200B0002AA67 /* PathologyViewController.xib in Resources */ = {isa = PBXBuildFile; fileRef = D657210C13C6200A0002AA67 /* PathologyViewController.xib */; };
		D657211113C6204E0002AA67 /* UserId.m in Sources */ = {isa = PBXBuildFile; fileRef = D657211013C6204D0002AA67 /* UserId.m */; };
		D657211513C6207A0002AA67 /* GigaPixelViewController.m in Sources */ = {isa = PBXBuildFile; fileRef = D657211313C620790002AA67 /* GigaPixelViewController.m */; };
		D657211613C6207A0002AA67 /* GigaPixelViewController.xib in Resources */ = {isa = PBXBuildFile; fileRef = D657211413C620790002AA67 /* GigaPixelViewController.xib */; };
		D657211913C6233F0002AA67 /* CellLoading.m in Sources */ = {isa = PBXBuildFile; fileRef = D657211813C6233E0002AA67 /* CellLoading.m */; };
		D657211B13C62ED50002AA67 /* ActorButtonBG.png in Resources */ = {isa = PBXBuildFile; fileRef = D657211A13C62ED50002AA67 /* ActorButtonBG.png */; };
		D657211D13C62EE20002AA67 /* Chevron.png in Resources */ = {isa = PBXBuildFile; fileRef = D657211C13C62EE20002AA67 /* Chevron.png */; };
		D657212113C6330A0002AA67 /* WebViewController.m in Sources */ = {isa = PBXBuildFile; fileRef = D657211F13C633080002AA67 /* WebViewController.m */; };
		D657212213C6330A0002AA67 /* WebViewController.xib in Resources */ = {isa = PBXBuildFile; fileRef = D657212013C633090002AA67 /* WebViewController.xib */; };
		D657212513C642D70002AA67 /* ChapterCell.m in Sources */ = {isa = PBXBuildFile; fileRef = D657212413C642D60002AA67 /* ChapterCell.m */; };
		D657212713C642EE0002AA67 /* SectionCell.xib in Resources */ = {isa = PBXBuildFile; fileRef = D657212613C642ED0002AA67 /* SectionCell.xib */; };
		D657212913C644510002AA67 /* SectionBG.png in Resources */ = {isa = PBXBuildFile; fileRef = D657212813C644510002AA67 /* SectionBG.png */; };
		D67D3CA413C677A600ED0A59 /* ApplicationBG.png in Resources */ = {isa = PBXBuildFile; fileRef = D67D3CA313C677A600ED0A59 /* ApplicationBG.png */; };
		D67D3CB713C6835600ED0A59 /* Pathology.plist in Resources */ = {isa = PBXBuildFile; fileRef = D67D3CB613C6835600ED0A59 /* Pathology.plist */; };
		D67D3CB913C69EA000ED0A59 /* ChapterCell.xib in Resources */ = {isa = PBXBuildFile; fileRef = D67D3CB813C69E9F00ED0A59 /* ChapterCell.xib */; };
		D67D3CBB13C69EF900ED0A59 /* InstantWatch.png in Resources */ = {isa = PBXBuildFile; fileRef = D67D3CBA13C69EF900ED0A59 /* InstantWatch.png */; };
		D67D3CBD13C69F2000ED0A59 /* ExampleImage.jpg in Resources */ = {isa = PBXBuildFile; fileRef = D67D3CBC13C69F2000ED0A59 /* ExampleImage.jpg */; };
		D68755BC13CB27FF000D1C63 /* Shader.vsh in Resources */ = {isa = PBXBuildFile; fileRef = D60EF9C313C9F82E002627AA /* Shader.vsh */; };
		D68755BE13CB2838000D1C63 /* Shader.fsh in Resources */ = {isa = PBXBuildFile; fileRef = D60EF9C413C9F82E002627AA /* Shader.fsh */; };
		D68755BF13CB285D000D1C63 /* ShaderCom.fsh in Resources */ = {isa = PBXBuildFile; fileRef = D60EF9C513C9F82E002627AA /* ShaderCom.fsh */; };
		D69A68F813CA27DD00687493 /* PresoModeViewController.m in Sources */ = {isa = PBXBuildFile; fileRef = D69A68F713CA27DD00687493 /* PresoModeViewController.m */; };
		D69A68FB13CA27F100687493 /* PresoModeViewController.xib in Resources */ = {isa = PBXBuildFile; fileRef = D69A68FA13CA27F100687493 /* PresoModeViewController.xib */; };
		D6A9151013CC84BE00C8BADE /* SearchViewController.m in Sources */ = {isa = PBXBuildFile; fileRef = D6A9150F13CC84BE00C8BADE /* SearchViewController.m */; };
		D6F7E47413C76DE000A4C875 /* BoxOverlay.png in Resources */ = {isa = PBXBuildFile; fileRef = D6F7E47313C76DE000A4C875 /* BoxOverlay.png */; };
		D6F7E48313C7BA0200A4C875 /* b.jpg in Resources */ = {isa = PBXBuildFile; fileRef = D6F7E47F13C7BA0100A4C875 /* b.jpg */; };
		D6F7E48413C7BA0200A4C875 /* c.jpg in Resources */ = {isa = PBXBuildFile; fileRef = D6F7E48013C7BA0200A4C875 /* c.jpg */; };
		D6F7E48513C7BA0200A4C875 /* d.jpg in Resources */ = {isa = PBXBuildFile; fileRef = D6F7E48113C7BA0200A4C875 /* d.jpg */; };
		D6F7E48713C7BA4000A4C875 /* e.jpg in Resources */ = {isa = PBXBuildFile; fileRef = D6F7E48613C7BA4000A4C875 /* e.jpg */; };
/* End PBXBuildFile section */

/* Begin PBXFileReference section */
		D60EF98013C9F806002627AA /* SessionList.h */ = {isa = PBXFileReference; fileEncoding = 4; lastKnownFileType = sourcecode.c.h; path = SessionList.h; sourceTree = "<group>"; };
		D60EF98113C9F806002627AA /* SessionList.m */ = {isa = PBXFileReference; fileEncoding = 4; lastKnownFileType = sourcecode.c.objc; path = SessionList.m; sourceTree = "<group>"; };
		D60EF98213C9F806002627AA /* Stack.h */ = {isa = PBXFileReference; fileEncoding = 4; lastKnownFileType = sourcecode.c.h; path = Stack.h; sourceTree = "<group>"; };
		D60EF98313C9F806002627AA /* Stack.m */ = {isa = PBXFileReference; fileEncoding = 4; lastKnownFileType = sourcecode.c.objc; path = Stack.m; sourceTree = "<group>"; };
		D60EF98413C9F806002627AA /* NetCacheManager.h */ = {isa = PBXFileReference; fileEncoding = 4; lastKnownFileType = sourcecode.c.h; path = NetCacheManager.h; sourceTree = "<group>"; };
		D60EF98513C9F806002627AA /* NetCacheManager.m */ = {isa = PBXFileReference; fileEncoding = 4; lastKnownFileType = sourcecode.c.objc; path = NetCacheManager.m; sourceTree = "<group>"; };
		D60EF98613C9F806002627AA /* CacheManager.h */ = {isa = PBXFileReference; fileEncoding = 4; lastKnownFileType = sourcecode.c.h; path = CacheManager.h; sourceTree = "<group>"; };
		D60EF98713C9F806002627AA /* CacheManager.m */ = {isa = PBXFileReference; fileEncoding = 4; lastKnownFileType = sourcecode.c.objc; path = CacheManager.m; sourceTree = "<group>"; };
		D60EF98813C9F806002627AA /* GLLock.h */ = {isa = PBXFileReference; fileEncoding = 4; lastKnownFileType = sourcecode.c.h; path = GLLock.h; sourceTree = "<group>"; };
		D60EF98913C9F806002627AA /* GLLock.m */ = {isa = PBXFileReference; fileEncoding = 4; lastKnownFileType = sourcecode.c.objc; path = GLLock.m; sourceTree = "<group>"; };
		D60EF98A13C9F806002627AA /* GigaPixel.m */ = {isa = PBXFileReference; fileEncoding = 4; lastKnownFileType = sourcecode.c.objc; path = GigaPixel.m; sourceTree = "<group>"; };
		D60EF98B13C9F806002627AA /* GigaPixel.h */ = {isa = PBXFileReference; fileEncoding = 4; lastKnownFileType = sourcecode.c.h; path = GigaPixel.h; sourceTree = "<group>"; };
		D60EF98C13C9F806002627AA /* glUtil.h */ = {isa = PBXFileReference; fileEncoding = 4; lastKnownFileType = sourcecode.c.h; path = glUtil.h; sourceTree = "<group>"; };
		D60EF98D13C9F806002627AA /* PyramidLevel.h */ = {isa = PBXFileReference; fileEncoding = 4; lastKnownFileType = sourcecode.c.h; path = PyramidLevel.h; sourceTree = "<group>"; };
		D60EF98E13C9F806002627AA /* PyramidLevel.m */ = {isa = PBXFileReference; fileEncoding = 4; lastKnownFileType = sourcecode.c.objc; path = PyramidLevel.m; sourceTree = "<group>"; };
		D60EF98F13C9F806002627AA /* Tile.h */ = {isa = PBXFileReference; fileEncoding = 4; lastKnownFileType = sourcecode.c.h; path = Tile.h; sourceTree = "<group>"; };
		D60EF99013C9F806002627AA /* Tile.m */ = {isa = PBXFileReference; fileEncoding = 4; lastKnownFileType = sourcecode.c.objc; path = Tile.m; sourceTree = "<group>"; };
		D60EF99113C9F806002627AA /* TileLoader.h */ = {isa = PBXFileReference; fileEncoding = 4; lastKnownFileType = sourcecode.c.h; path = TileLoader.h; sourceTree = "<group>"; };
		D60EF99213C9F806002627AA /* TileLoader.m */ = {isa = PBXFileReference; fileEncoding = 4; lastKnownFileType = sourcecode.c.objc; path = TileLoader.m; sourceTree = "<group>"; };
		D60EF99313C9F806002627AA /* TileManager.h */ = {isa = PBXFileReference; fileEncoding = 4; lastKnownFileType = sourcecode.c.h; path = TileManager.h; sourceTree = "<group>"; };
		D60EF99413C9F806002627AA /* TileManager.m */ = {isa = PBXFileReference; fileEncoding = 4; lastKnownFileType = sourcecode.c.objc; path = TileManager.m; sourceTree = "<group>"; };
		D60EF99513C9F806002627AA /* sourceUtil.h */ = {isa = PBXFileReference; fileEncoding = 4; lastKnownFileType = sourcecode.c.h; path = sourceUtil.h; sourceTree = "<group>"; };
		D60EF99613C9F806002627AA /* sourceUtil.c */ = {isa = PBXFileReference; fileEncoding = 4; lastKnownFileType = sourcecode.c.c; path = sourceUtil.c; sourceTree = "<group>"; };
		D60EF99713C9F806002627AA /* PrefetchManager.h */ = {isa = PBXFileReference; fileEncoding = 4; lastKnownFileType = sourcecode.c.h; path = PrefetchManager.h; sourceTree = "<group>"; };
		D60EF99813C9F806002627AA /* PrefetchManager.m */ = {isa = PBXFileReference; fileEncoding = 4; lastKnownFileType = sourcecode.c.objc; path = PrefetchManager.m; sourceTree = "<group>"; };
		D60EF99913C9F806002627AA /* ES1Renderer.h */ = {isa = PBXFileReference; fileEncoding = 4; lastKnownFileType = sourcecode.c.h; path = ES1Renderer.h; sourceTree = "<group>"; };
		D60EF99A13C9F806002627AA /* ES1Renderer.m */ = {isa = PBXFileReference; fileEncoding = 4; lastKnownFileType = sourcecode.c.objc; path = ES1Renderer.m; sourceTree = "<group>"; };
		D60EF99B13C9F806002627AA /* ESRenderer.h */ = {isa = PBXFileReference; fileEncoding = 4; lastKnownFileType = sourcecode.c.h; path = ESRenderer.h; sourceTree = "<group>"; };
		D60EF99C13C9F806002627AA /* EAGLView.h */ = {isa = PBXFileReference; fileEncoding = 4; lastKnownFileType = sourcecode.c.h; path = EAGLView.h; sourceTree = "<group>"; };
		D60EF99D13C9F806002627AA /* EAGLView.m */ = {isa = PBXFileReference; fileEncoding = 4; lastKnownFileType = sourcecode.c.objc; path = EAGLView.m; sourceTree = "<group>"; };
		D60EF99E13C9F806002627AA /* Texture2D.h */ = {isa = PBXFileReference; fileEncoding = 4; lastKnownFileType = sourcecode.c.h; path = Texture2D.h; sourceTree = "<group>"; };
		D60EF99F13C9F806002627AA /* Texture2D.m */ = {isa = PBXFileReference; fileEncoding = 4; lastKnownFileType = sourcecode.c.objc; path = Texture2D.m; sourceTree = "<group>"; };
		D60EF9A013C9F806002627AA /* Message.h */ = {isa = PBXFileReference; fileEncoding = 4; lastKnownFileType = sourcecode.c.h; path = Message.h; sourceTree = "<group>"; };
		D60EF9A113C9F806002627AA /* Message.m */ = {isa = PBXFileReference; fileEncoding = 4; lastKnownFileType = sourcecode.c.objc; path = Message.m; sourceTree = "<group>"; };
		D60EF9A213C9F806002627AA /* PollMsg.h */ = {isa = PBXFileReference; fileEncoding = 4; lastKnownFileType = sourcecode.c.h; path = PollMsg.h; sourceTree = "<group>"; };
		D60EF9A313C9F806002627AA /* PollMsg.m */ = {isa = PBXFileReference; fileEncoding = 4; lastKnownFileType = sourcecode.c.objc; path = PollMsg.m; sourceTree = "<group>"; };
		D60EF9A413C9F806002627AA /* esShader.c */ = {isa = PBXFileReference; fileEncoding = 4; lastKnownFileType = sourcecode.c.c; path = esShader.c; sourceTree = "<group>"; };
		D60EF9A513C9F806002627AA /* esShapes.c */ = {isa = PBXFileReference; fileEncoding = 4; lastKnownFileType = sourcecode.c.c; path = esShapes.c; sourceTree = "<group>"; };
		D60EF9A613C9F806002627AA /* esTransform.c */ = {isa = PBXFileReference; fileEncoding = 4; lastKnownFileType = sourcecode.c.c; path = esTransform.c; sourceTree = "<group>"; };
		D60EF9A713C9F806002627AA /* esUtil.c */ = {isa = PBXFileReference; fileEncoding = 4; lastKnownFileType = sourcecode.c.c; path = esUtil.c; sourceTree = "<group>"; };
		D60EF9A813C9F806002627AA /* esUtil.h */ = {isa = PBXFileReference; fileEncoding = 4; lastKnownFileType = sourcecode.c.h; path = esUtil.h; sourceTree = "<group>"; };
		D60EF9A913C9F806002627AA /* URLCacheConnection.h */ = {isa = PBXFileReference; fileEncoding = 4; lastKnownFileType = sourcecode.c.h; path = URLCacheConnection.h; sourceTree = "<group>"; };
		D60EF9AA13C9F806002627AA /* URLCacheConnection.m */ = {isa = PBXFileReference; fileEncoding = 4; lastKnownFileType = sourcecode.c.objc; path = URLCacheConnection.m; sourceTree = "<group>"; };
		D60EF9C313C9F82E002627AA /* Shader.vsh */ = {isa = PBXFileReference; fileEncoding = 4; lastKnownFileType = sourcecode.glsl; path = Shader.vsh; sourceTree = "<group>"; };
		D60EF9C413C9F82E002627AA /* Shader.fsh */ = {isa = PBXFileReference; fileEncoding = 4; lastKnownFileType = sourcecode.glsl; path = Shader.fsh; sourceTree = "<group>"; };
		D60EF9C513C9F82E002627AA /* ShaderCom.fsh */ = {isa = PBXFileReference; fileEncoding = 4; lastKnownFileType = sourcecode.glsl; path = ShaderCom.fsh; sourceTree = "<group>"; };
		D60EF9C613C9F82E002627AA /* Icon.png */ = {isa = PBXFileReference; lastKnownFileType = image.png; path = Icon.png; sourceTree = "<group>"; };
		D60EF9C713C9F82E002627AA /* header3.txt */ = {isa = PBXFileReference; fileEncoding = 4; lastKnownFileType = text; path = header3.txt; sourceTree = "<group>"; };
		D60EF9C813C9F82E002627AA /* header4.txt */ = {isa = PBXFileReference; fileEncoding = 4; lastKnownFileType = text; path = header4.txt; sourceTree = "<group>"; };
		D60EF9C913C9F82E002627AA /* header5.txt */ = {isa = PBXFileReference; fileEncoding = 4; lastKnownFileType = text; path = header5.txt; sourceTree = "<group>"; };
		D60EF9CA13C9F82E002627AA /* header6.txt */ = {isa = PBXFileReference; fileEncoding = 4; lastKnownFileType = text; path = header6.txt; sourceTree = "<group>"; };
		D60EF9CB13C9F82E002627AA /* header7.txt */ = {isa = PBXFileReference; fileEncoding = 4; lastKnownFileType = text; path = header7.txt; sourceTree = "<group>"; };
		D60EF9CC13C9F82E002627AA /* header8.txt */ = {isa = PBXFileReference; fileEncoding = 4; lastKnownFileType = text; path = header8.txt; sourceTree = "<group>"; };
		D60EF9CD13C9F82E002627AA /* header9.txt */ = {isa = PBXFileReference; fileEncoding = 4; lastKnownFileType = text; path = header9.txt; sourceTree = "<group>"; };
		D60EF9CE13C9F82E002627AA /* header10.txt */ = {isa = PBXFileReference; fileEncoding = 4; lastKnownFileType = text; path = header10.txt; sourceTree = "<group>"; };
		D60EF9CF13C9F82E002627AA /* checkers.png */ = {isa = PBXFileReference; lastKnownFileType = image.png; path = checkers.png; sourceTree = "<group>"; };
		D60EF9DD13C9F87A002627AA /* QuartzCore.framework */ = {isa = PBXFileReference; lastKnownFileType = wrapper.framework; name = QuartzCore.framework; path = System/Library/Frameworks/QuartzCore.framework; sourceTree = SDKROOT; };
		D60EF9DE13C9F887002627AA /* OpenGLES.framework */ = {isa = PBXFileReference; lastKnownFileType = wrapper.framework; name = OpenGLES.framework; path = System/Library/Frameworks/OpenGLES.framework; sourceTree = SDKROOT; };
		D60EF9E813CA0A25002627AA /* GigaPixel.plist */ = {isa = PBXFileReference; fileEncoding = 4; lastKnownFileType = text.plist.xml; path = GigaPixel.plist; sourceTree = "<group>"; };
		D657204A13C617E80002AA67 /* Pathology-interface.app */ = {isa = PBXFileReference; explicitFileType = wrapper.application; includeInIndex = 0; path = "Pathology-interface.app"; sourceTree = BUILT_PRODUCTS_DIR; };
		D657204E13C617E80002AA67 /* UIKit.framework */ = {isa = PBXFileReference; lastKnownFileType = wrapper.framework; name = UIKit.framework; path = System/Library/Frameworks/UIKit.framework; sourceTree = SDKROOT; };
		D657205013C617E80002AA67 /* Foundation.framework */ = {isa = PBXFileReference; lastKnownFileType = wrapper.framework; name = Foundation.framework; path = System/Library/Frameworks/Foundation.framework; sourceTree = SDKROOT; };
		D657205213C617E80002AA67 /* CoreGraphics.framework */ = {isa = PBXFileReference; lastKnownFileType = wrapper.framework; name = CoreGraphics.framework; path = System/Library/Frameworks/CoreGraphics.framework; sourceTree = SDKROOT; };
		D657205613C617E80002AA67 /* Pathology-interface-Info.plist */ = {isa = PBXFileReference; lastKnownFileType = text.plist.xml; path = "Pathology-interface-Info.plist"; sourceTree = "<group>"; };
		D657205813C617E80002AA67 /* en */ = {isa = PBXFileReference; lastKnownFileType = text.plist.strings; name = en; path = en.lproj/InfoPlist.strings; sourceTree = "<group>"; };
		D657205A13C617E80002AA67 /* Pathology-interface-Prefix.pch */ = {isa = PBXFileReference; lastKnownFileType = sourcecode.c.h; path = "Pathology-interface-Prefix.pch"; sourceTree = "<group>"; };
		D657205B13C617E80002AA67 /* main.m */ = {isa = PBXFileReference; lastKnownFileType = sourcecode.c.objc; path = main.m; sourceTree = "<group>"; };
		D657205D13C617E80002AA67 /* Pathology_interfaceAppDelegate.h */ = {isa = PBXFileReference; lastKnownFileType = sourcecode.c.h; path = Pathology_interfaceAppDelegate.h; sourceTree = "<group>"; };
		D657205E13C617E80002AA67 /* Pathology_interfaceAppDelegate.m */ = {isa = PBXFileReference; lastKnownFileType = sourcecode.c.objc; path = Pathology_interfaceAppDelegate.m; sourceTree = "<group>"; };
		D657206113C617E80002AA67 /* en */ = {isa = PBXFileReference; lastKnownFileType = file.xib; name = en; path = en.lproj/MainWindow.xib; sourceTree = "<group>"; };
		D657207413C618BB0002AA67 /* Reachability.h */ = {isa = PBXFileReference; fileEncoding = 4; lastKnownFileType = sourcecode.c.h; path = Reachability.h; sourceTree = "<group>"; };
		D657207513C618BB0002AA67 /* Reachability.m */ = {isa = PBXFileReference; fileEncoding = 4; lastKnownFileType = sourcecode.c.objc; path = Reachability.m; sourceTree = "<group>"; };
		D657207713C618DD0002AA67 /* QuartzCore.framework */ = {isa = PBXFileReference; lastKnownFileType = wrapper.framework; name = QuartzCore.framework; path = System/Library/Frameworks/QuartzCore.framework; sourceTree = SDKROOT; };
		D657207913C618E70002AA67 /* CFNetwork.framework */ = {isa = PBXFileReference; lastKnownFileType = wrapper.framework; name = CFNetwork.framework; path = System/Library/Frameworks/CFNetwork.framework; sourceTree = SDKROOT; };
		D657207B13C618F30002AA67 /* MobileCoreServices.framework */ = {isa = PBXFileReference; lastKnownFileType = wrapper.framework; name = MobileCoreServices.framework; path = System/Library/Frameworks/MobileCoreServices.framework; sourceTree = SDKROOT; };
		D657207D13C618FE0002AA67 /* SystemConfiguration.framework */ = {isa = PBXFileReference; lastKnownFileType = wrapper.framework; name = SystemConfiguration.framework; path = System/Library/Frameworks/SystemConfiguration.framework; sourceTree = SDKROOT; };
		D657207F13C6190A0002AA67 /* libz.1.2.3.dylib */ = {isa = PBXFileReference; lastKnownFileType = "compiled.mach-o.dylib"; name = libz.1.2.3.dylib; path = usr/lib/libz.1.2.3.dylib; sourceTree = SDKROOT; };
		D657208913C61A210002AA67 /* ASIAuthenticationDialog.h */ = {isa = PBXFileReference; fileEncoding = 4; lastKnownFileType = sourcecode.c.h; path = ASIAuthenticationDialog.h; sourceTree = "<group>"; };
		D657208A13C61A210002AA67 /* ASICacheDelegate.h */ = {isa = PBXFileReference; fileEncoding = 4; lastKnownFileType = sourcecode.c.h; path = ASICacheDelegate.h; sourceTree = "<group>"; };
		D657208B13C61A210002AA67 /* ASIDataCompressor.h */ = {isa = PBXFileReference; fileEncoding = 4; lastKnownFileType = sourcecode.c.h; path = ASIDataCompressor.h; sourceTree = "<group>"; };
		D657208C13C61A210002AA67 /* ASIDataDecompressor.h */ = {isa = PBXFileReference; fileEncoding = 4; lastKnownFileType = sourcecode.c.h; path = ASIDataDecompressor.h; sourceTree = "<group>"; };
		D657208D13C61A210002AA67 /* ASIDownloadCache.h */ = {isa = PBXFileReference; fileEncoding = 4; lastKnownFileType = sourcecode.c.h; path = ASIDownloadCache.h; sourceTree = "<group>"; };
		D657208E13C61A210002AA67 /* ASIFormDataRequest.h */ = {isa = PBXFileReference; fileEncoding = 4; lastKnownFileType = sourcecode.c.h; path = ASIFormDataRequest.h; sourceTree = "<group>"; };
		D657208F13C61A210002AA67 /* ASIHTTPRequest.h */ = {isa = PBXFileReference; fileEncoding = 4; lastKnownFileType = sourcecode.c.h; path = ASIHTTPRequest.h; sourceTree = "<group>"; };
		D657209013C61A210002AA67 /* ASIHTTPRequestConfig.h */ = {isa = PBXFileReference; fileEncoding = 4; lastKnownFileType = sourcecode.c.h; path = ASIHTTPRequestConfig.h; sourceTree = "<group>"; };
		D657209113C61A210002AA67 /* ASIHTTPRequestDelegate.h */ = {isa = PBXFileReference; fileEncoding = 4; lastKnownFileType = sourcecode.c.h; path = ASIHTTPRequestDelegate.h; sourceTree = "<group>"; };
		D657209213C61A210002AA67 /* ASIInputStream.h */ = {isa = PBXFileReference; fileEncoding = 4; lastKnownFileType = sourcecode.c.h; path = ASIInputStream.h; sourceTree = "<group>"; };
		D657209313C61A210002AA67 /* ASINetworkQueue.h */ = {isa = PBXFileReference; fileEncoding = 4; lastKnownFileType = sourcecode.c.h; path = ASINetworkQueue.h; sourceTree = "<group>"; };
		D657209413C61A210002AA67 /* ASIProgressDelegate.h */ = {isa = PBXFileReference; fileEncoding = 4; lastKnownFileType = sourcecode.c.h; path = ASIProgressDelegate.h; sourceTree = "<group>"; };
		D657209513C61A2A0002AA67 /* ASIAuthenticationDialog.m */ = {isa = PBXFileReference; fileEncoding = 4; lastKnownFileType = sourcecode.c.objc; path = ASIAuthenticationDialog.m; sourceTree = "<group>"; };
		D657209613C61A2A0002AA67 /* ASIDataCompressor.m */ = {isa = PBXFileReference; fileEncoding = 4; lastKnownFileType = sourcecode.c.objc; path = ASIDataCompressor.m; sourceTree = "<group>"; };
		D657209713C61A2A0002AA67 /* ASIDataDecompressor.m */ = {isa = PBXFileReference; fileEncoding = 4; lastKnownFileType = sourcecode.c.objc; path = ASIDataDecompressor.m; sourceTree = "<group>"; };
		D657209813C61A2A0002AA67 /* ASIDownloadCache.m */ = {isa = PBXFileReference; fileEncoding = 4; lastKnownFileType = sourcecode.c.objc; path = ASIDownloadCache.m; sourceTree = "<group>"; };
		D657209913C61A2A0002AA67 /* ASIFormDataRequest.m */ = {isa = PBXFileReference; fileEncoding = 4; lastKnownFileType = sourcecode.c.objc; path = ASIFormDataRequest.m; sourceTree = "<group>"; };
		D657209A13C61A2A0002AA67 /* ASIHTTPRequest.m */ = {isa = PBXFileReference; fileEncoding = 4; lastKnownFileType = sourcecode.c.objc; path = ASIHTTPRequest.m; sourceTree = "<group>"; };
		D657209B13C61A2A0002AA67 /* ASIInputStream.m */ = {isa = PBXFileReference; fileEncoding = 4; lastKnownFileType = sourcecode.c.objc; path = ASIInputStream.m; sourceTree = "<group>"; };
		D657209C13C61A2A0002AA67 /* ASINetworkQueue.m */ = {isa = PBXFileReference; fileEncoding = 4; lastKnownFileType = sourcecode.c.objc; path = ASINetworkQueue.m; sourceTree = "<group>"; };
		D65720A513C61A490002AA67 /* AQGridView.h */ = {isa = PBXFileReference; fileEncoding = 4; lastKnownFileType = sourcecode.c.h; path = AQGridView.h; sourceTree = "<group>"; };
		D65720A613C61A490002AA67 /* AQGridView+CellLayout.h */ = {isa = PBXFileReference; fileEncoding = 4; lastKnownFileType = sourcecode.c.h; path = "AQGridView+CellLayout.h"; sourceTree = "<group>"; };
		D65720A713C61A490002AA67 /* AQGridView+CellLocationDelegation.h */ = {isa = PBXFileReference; fileEncoding = 4; lastKnownFileType = sourcecode.c.h; path = "AQGridView+CellLocationDelegation.h"; sourceTree = "<group>"; };
		D65720A813C61A490002AA67 /* AQGridViewAnimatorItem.h */ = {isa = PBXFileReference; fileEncoding = 4; lastKnownFileType = sourcecode.c.h; path = AQGridViewAnimatorItem.h; sourceTree = "<group>"; };
		D65720A913C61A490002AA67 /* AQGridViewCell.h */ = {isa = PBXFileReference; fileEncoding = 4; lastKnownFileType = sourcecode.c.h; path = AQGridViewCell.h; sourceTree = "<group>"; };
		D65720AA13C61A490002AA67 /* AQGridViewCell+AQGridViewCellPrivate.h */ = {isa = PBXFileReference; fileEncoding = 4; lastKnownFileType = sourcecode.c.h; path = "AQGridViewCell+AQGridViewCellPrivate.h"; sourceTree = "<group>"; };
		D65720AB13C61A490002AA67 /* AQGridViewController.h */ = {isa = PBXFileReference; fileEncoding = 4; lastKnownFileType = sourcecode.c.h; path = AQGridViewController.h; sourceTree = "<group>"; };
		D65720AC13C61A490002AA67 /* AQGridViewData.h */ = {isa = PBXFileReference; fileEncoding = 4; lastKnownFileType = sourcecode.c.h; path = AQGridViewData.h; sourceTree = "<group>"; };
		D65720AD13C61A490002AA67 /* AQGridViewUpdateInfo.h */ = {isa = PBXFileReference; fileEncoding = 4; lastKnownFileType = sourcecode.c.h; path = AQGridViewUpdateInfo.h; sourceTree = "<group>"; };
		D65720AE13C61A490002AA67 /* AQGridViewUpdateItem.h */ = {isa = PBXFileReference; fileEncoding = 4; lastKnownFileType = sourcecode.c.h; path = AQGridViewUpdateItem.h; sourceTree = "<group>"; };
		D65720AF13C61A490002AA67 /* NSIndexSet+AQIndexesOutsideSet.h */ = {isa = PBXFileReference; fileEncoding = 4; lastKnownFileType = sourcecode.c.h; path = "NSIndexSet+AQIndexesOutsideSet.h"; sourceTree = "<group>"; };
		D65720B013C61A490002AA67 /* NSIndexSet+AQIsSetContiguous.h */ = {isa = PBXFileReference; fileEncoding = 4; lastKnownFileType = sourcecode.c.h; path = "NSIndexSet+AQIsSetContiguous.h"; sourceTree = "<group>"; };
		D65720B113C61A490002AA67 /* UIColor+AQGridView.h */ = {isa = PBXFileReference; fileEncoding = 4; lastKnownFileType = sourcecode.c.h; path = "UIColor+AQGridView.h"; sourceTree = "<group>"; };
		D65720B213C61A490002AA67 /* AQGridView.m */ = {isa = PBXFileReference; fileEncoding = 4; lastKnownFileType = sourcecode.c.objc; path = AQGridView.m; sourceTree = "<group>"; };
		D65720B313C61A490002AA67 /* AQGridViewAnimatorItem.m */ = {isa = PBXFileReference; fileEncoding = 4; lastKnownFileType = sourcecode.c.objc; path = AQGridViewAnimatorItem.m; sourceTree = "<group>"; };
		D65720B413C61A490002AA67 /* AQGridViewCell.m */ = {isa = PBXFileReference; fileEncoding = 4; lastKnownFileType = sourcecode.c.objc; path = AQGridViewCell.m; sourceTree = "<group>"; };
		D65720B513C61A490002AA67 /* AQGridViewController.m */ = {isa = PBXFileReference; fileEncoding = 4; lastKnownFileType = sourcecode.c.objc; path = AQGridViewController.m; sourceTree = "<group>"; };
		D65720B613C61A490002AA67 /* AQGridViewData.m */ = {isa = PBXFileReference; fileEncoding = 4; lastKnownFileType = sourcecode.c.objc; path = AQGridViewData.m; sourceTree = "<group>"; };
		D65720B713C61A490002AA67 /* AQGridViewUpdateInfo.m */ = {isa = PBXFileReference; fileEncoding = 4; lastKnownFileType = sourcecode.c.objc; path = AQGridViewUpdateInfo.m; sourceTree = "<group>"; };
		D65720B813C61A490002AA67 /* AQGridViewUpdateItem.m */ = {isa = PBXFileReference; fileEncoding = 4; lastKnownFileType = sourcecode.c.objc; path = AQGridViewUpdateItem.m; sourceTree = "<group>"; };
		D65720B913C61A490002AA67 /* NSIndexSet+AQIndexesOutsideSet.m */ = {isa = PBXFileReference; fileEncoding = 4; lastKnownFileType = sourcecode.c.objc; path = "NSIndexSet+AQIndexesOutsideSet.m"; sourceTree = "<group>"; };
		D65720BA13C61A490002AA67 /* NSIndexSet+AQIsSetContiguous.m */ = {isa = PBXFileReference; fileEncoding = 4; lastKnownFileType = sourcecode.c.objc; path = "NSIndexSet+AQIsSetContiguous.m"; sourceTree = "<group>"; };
		D65720BB13C61A490002AA67 /* UIColor+AQGridView.m */ = {isa = PBXFileReference; fileEncoding = 4; lastKnownFileType = sourcecode.c.objc; path = "UIColor+AQGridView.m"; sourceTree = "<group>"; };
		D65720C913C61B690002AA67 /* CDataScanner.h */ = {isa = PBXFileReference; fileEncoding = 4; lastKnownFileType = sourcecode.c.h; path = CDataScanner.h; sourceTree = "<group>"; };
		D65720CD13C61B690002AA67 /* CDataScanner.m */ = {isa = PBXFileReference; fileEncoding = 4; lastKnownFileType = sourcecode.c.objc; path = CDataScanner.m; sourceTree = "<group>"; };
		D65720D813C61D040002AA67 /* CJSONDeserializer.h */ = {isa = PBXFileReference; fileEncoding = 4; lastKnownFileType = sourcecode.c.h; path = CJSONDeserializer.h; sourceTree = "<group>"; };
		D65720D913C61D040002AA67 /* CJSONScanner.h */ = {isa = PBXFileReference; fileEncoding = 4; lastKnownFileType = sourcecode.c.h; path = CJSONScanner.h; sourceTree = "<group>"; };
		D65720DA13C61D040002AA67 /* CJSONSerializer.h */ = {isa = PBXFileReference; fileEncoding = 4; lastKnownFileType = sourcecode.c.h; path = CJSONSerializer.h; sourceTree = "<group>"; };
		D65720DB13C61D040002AA67 /* JSONRepresentation.h */ = {isa = PBXFileReference; fileEncoding = 4; lastKnownFileType = sourcecode.c.h; path = JSONRepresentation.h; sourceTree = "<group>"; };
		D65720DC13C61D040002AA67 /* CJSONDeserializer.m */ = {isa = PBXFileReference; fileEncoding = 4; lastKnownFileType = sourcecode.c.objc; path = CJSONDeserializer.m; sourceTree = "<group>"; };
		D65720DD13C61D040002AA67 /* CJSONScanner.m */ = {isa = PBXFileReference; fileEncoding = 4; lastKnownFileType = sourcecode.c.objc; path = CJSONScanner.m; sourceTree = "<group>"; };
		D65720DE13C61D040002AA67 /* CJSONSerializer.m */ = {isa = PBXFileReference; fileEncoding = 4; lastKnownFileType = sourcecode.c.objc; path = CJSONSerializer.m; sourceTree = "<group>"; };
		D65720E213C61D0F0002AA67 /* CDataScanner_Extensions.h */ = {isa = PBXFileReference; fileEncoding = 4; lastKnownFileType = sourcecode.c.h; path = CDataScanner_Extensions.h; sourceTree = "<group>"; };
		D65720E313C61D0F0002AA67 /* NSDictionary_JSONExtensions.h */ = {isa = PBXFileReference; fileEncoding = 4; lastKnownFileType = sourcecode.c.h; path = NSDictionary_JSONExtensions.h; sourceTree = "<group>"; };
		D65720E413C61D0F0002AA67 /* CDataScanner_Extensions.m */ = {isa = PBXFileReference; fileEncoding = 4; lastKnownFileType = sourcecode.c.objc; path = CDataScanner_Extensions.m; sourceTree = "<group>"; };
		D65720E513C61D0F0002AA67 /* NSDictionary_JSONExtensions.m */ = {isa = PBXFileReference; fileEncoding = 4; lastKnownFileType = sourcecode.c.objc; path = NSDictionary_JSONExtensions.m; sourceTree = "<group>"; };
		D65720E813C61D900002AA67 /* Section.h */ = {isa = PBXFileReference; fileEncoding = 4; lastKnownFileType = sourcecode.c.h; path = Section.h; sourceTree = "<group>"; };
		D65720E913C61D900002AA67 /* Section.m */ = {isa = PBXFileReference; fileEncoding = 4; lastKnownFileType = sourcecode.c.objc; path = Section.m; sourceTree = "<group>"; };
		D65720EF13C61DCF0002AA67 /* Chapter.h */ = {isa = PBXFileReference; fileEncoding = 4; lastKnownFileType = sourcecode.c.h; path = Chapter.h; sourceTree = "<group>"; };
		D65720F013C61DCF0002AA67 /* Chapter.m */ = {isa = PBXFileReference; fileEncoding = 4; lastKnownFileType = sourcecode.c.objc; path = Chapter.m; sourceTree = "<group>"; };
		D65720F213C61E280002AA67 /* ButtonGroup.h */ = {isa = PBXFileReference; fileEncoding = 4; lastKnownFileType = sourcecode.c.h; path = ButtonGroup.h; sourceTree = "<group>"; };
		D65720F313C61E280002AA67 /* ButtonGroup.m */ = {isa = PBXFileReference; fileEncoding = 4; lastKnownFileType = sourcecode.c.objc; path = ButtonGroup.m; sourceTree = "<group>"; };
		D65720F513C61E630002AA67 /* ButtonGroupButton.h */ = {isa = PBXFileReference; fileEncoding = 4; lastKnownFileType = sourcecode.c.h; path = ButtonGroupButton.h; sourceTree = "<group>"; };
		D65720F613C61E630002AA67 /* ButtonGroupButton.m */ = {isa = PBXFileReference; fileEncoding = 4; lastKnownFileType = sourcecode.c.objc; path = ButtonGroupButton.m; sourceTree = "<group>"; };
		D65720F813C61EB50002AA67 /* SectionCell.h */ = {isa = PBXFileReference; fileEncoding = 4; lastKnownFileType = sourcecode.c.h; path = SectionCell.h; sourceTree = "<group>"; };
		D65720F913C61EB50002AA67 /* SectionCell.m */ = {isa = PBXFileReference; fileEncoding = 4; lastKnownFileType = sourcecode.c.objc; path = SectionCell.m; sourceTree = "<group>"; };
		D657210013C61FC50002AA67 /* SectionsViewController.h */ = {isa = PBXFileReference; fileEncoding = 4; lastKnownFileType = sourcecode.c.h; path = SectionsViewController.h; sourceTree = "<group>"; };
		D657210113C61FC50002AA67 /* SectionsViewController.m */ = {isa = PBXFileReference; fileEncoding = 4; lastKnownFileType = sourcecode.c.objc; path = SectionsViewController.m; sourceTree = "<group>"; };
		D657210213C61FC50002AA67 /* SectionsViewController.xib */ = {isa = PBXFileReference; fileEncoding = 4; lastKnownFileType = file.xib; path = SectionsViewController.xib; sourceTree = "<group>"; };
		D657210513C61FE20002AA67 /* ChaptersViewController.h */ = {isa = PBXFileReference; fileEncoding = 4; lastKnownFileType = sourcecode.c.h; path = ChaptersViewController.h; sourceTree = "<group>"; };
		D657210613C61FE20002AA67 /* ChaptersViewController.m */ = {isa = PBXFileReference; fileEncoding = 4; lastKnownFileType = sourcecode.c.objc; path = ChaptersViewController.m; sourceTree = "<group>"; };
		D657210713C61FE20002AA67 /* ChaptersViewController.xib */ = {isa = PBXFileReference; fileEncoding = 4; lastKnownFileType = file.xib; path = ChaptersViewController.xib; sourceTree = "<group>"; };
		D657210A13C6200A0002AA67 /* PathologyViewController.h */ = {isa = PBXFileReference; fileEncoding = 4; lastKnownFileType = sourcecode.c.h; path = PathologyViewController.h; sourceTree = "<group>"; };
		D657210B13C6200A0002AA67 /* PathologyViewController.m */ = {isa = PBXFileReference; fileEncoding = 4; lastKnownFileType = sourcecode.c.objc; path = PathologyViewController.m; sourceTree = "<group>"; };
		D657210C13C6200A0002AA67 /* PathologyViewController.xib */ = {isa = PBXFileReference; fileEncoding = 4; lastKnownFileType = file.xib; path = PathologyViewController.xib; sourceTree = "<group>"; };
		D657210F13C6204D0002AA67 /* UserId.h */ = {isa = PBXFileReference; fileEncoding = 4; lastKnownFileType = sourcecode.c.h; path = UserId.h; sourceTree = "<group>"; };
		D657211013C6204D0002AA67 /* UserId.m */ = {isa = PBXFileReference; fileEncoding = 4; lastKnownFileType = sourcecode.c.objc; path = UserId.m; sourceTree = "<group>"; };
		D657211213C620790002AA67 /* GigaPixelViewController.h */ = {isa = PBXFileReference; fileEncoding = 4; lastKnownFileType = sourcecode.c.h; path = GigaPixelViewController.h; sourceTree = "<group>"; };
		D657211313C620790002AA67 /* GigaPixelViewController.m */ = {isa = PBXFileReference; fileEncoding = 4; lastKnownFileType = sourcecode.c.objc; path = GigaPixelViewController.m; sourceTree = "<group>"; };
		D657211413C620790002AA67 /* GigaPixelViewController.xib */ = {isa = PBXFileReference; fileEncoding = 4; lastKnownFileType = file.xib; path = GigaPixelViewController.xib; sourceTree = "<group>"; };
		D657211713C6233E0002AA67 /* CellLoading.h */ = {isa = PBXFileReference; fileEncoding = 4; lastKnownFileType = sourcecode.c.h; path = CellLoading.h; sourceTree = "<group>"; };
		D657211813C6233E0002AA67 /* CellLoading.m */ = {isa = PBXFileReference; fileEncoding = 4; lastKnownFileType = sourcecode.c.objc; path = CellLoading.m; sourceTree = "<group>"; };
		D657211A13C62ED50002AA67 /* ActorButtonBG.png */ = {isa = PBXFileReference; lastKnownFileType = image.png; path = ActorButtonBG.png; sourceTree = "<group>"; };
		D657211C13C62EE20002AA67 /* Chevron.png */ = {isa = PBXFileReference; lastKnownFileType = image.png; path = Chevron.png; sourceTree = "<group>"; };
		D657211E13C633060002AA67 /* WebViewController.h */ = {isa = PBXFileReference; fileEncoding = 4; lastKnownFileType = sourcecode.c.h; path = WebViewController.h; sourceTree = "<group>"; };
		D657211F13C633080002AA67 /* WebViewController.m */ = {isa = PBXFileReference; fileEncoding = 4; lastKnownFileType = sourcecode.c.objc; path = WebViewController.m; sourceTree = "<group>"; };
		D657212013C633090002AA67 /* WebViewController.xib */ = {isa = PBXFileReference; fileEncoding = 4; lastKnownFileType = file.xib; path = WebViewController.xib; sourceTree = "<group>"; };
		D657212313C642D40002AA67 /* ChapterCell.h */ = {isa = PBXFileReference; fileEncoding = 4; lastKnownFileType = sourcecode.c.h; path = ChapterCell.h; sourceTree = "<group>"; };
		D657212413C642D60002AA67 /* ChapterCell.m */ = {isa = PBXFileReference; fileEncoding = 4; lastKnownFileType = sourcecode.c.objc; path = ChapterCell.m; sourceTree = "<group>"; };
		D657212613C642ED0002AA67 /* SectionCell.xib */ = {isa = PBXFileReference; fileEncoding = 4; lastKnownFileType = file.xib; path = SectionCell.xib; sourceTree = "<group>"; };
		D657212813C644510002AA67 /* SectionBG.png */ = {isa = PBXFileReference; lastKnownFileType = image.png; path = SectionBG.png; sourceTree = "<group>"; };
		D67D3CA313C677A600ED0A59 /* ApplicationBG.png */ = {isa = PBXFileReference; lastKnownFileType = image.png; path = ApplicationBG.png; sourceTree = "<group>"; };
		D67D3CB613C6835600ED0A59 /* Pathology.plist */ = {isa = PBXFileReference; fileEncoding = 4; lastKnownFileType = text.plist.xml; path = Pathology.plist; sourceTree = "<group>"; };
		D67D3CB813C69E9F00ED0A59 /* ChapterCell.xib */ = {isa = PBXFileReference; fileEncoding = 4; lastKnownFileType = file.xib; path = ChapterCell.xib; sourceTree = "<group>"; };
		D67D3CBA13C69EF900ED0A59 /* InstantWatch.png */ = {isa = PBXFileReference; lastKnownFileType = image.png; path = InstantWatch.png; sourceTree = "<group>"; };
		D67D3CBC13C69F2000ED0A59 /* ExampleImage.jpg */ = {isa = PBXFileReference; lastKnownFileType = image.jpeg; path = ExampleImage.jpg; sourceTree = "<group>"; };
		D69A68F613CA27DD00687493 /* PresoModeViewController.h */ = {isa = PBXFileReference; fileEncoding = 4; lastKnownFileType = sourcecode.c.h; path = PresoModeViewController.h; sourceTree = "<group>"; };
		D69A68F713CA27DD00687493 /* PresoModeViewController.m */ = {isa = PBXFileReference; fileEncoding = 4; lastKnownFileType = sourcecode.c.objc; path = PresoModeViewController.m; sourceTree = "<group>"; };
		D69A68FA13CA27F100687493 /* PresoModeViewController.xib */ = {isa = PBXFileReference; fileEncoding = 4; lastKnownFileType = file.xib; path = PresoModeViewController.xib; sourceTree = "<group>"; };
		D6A9150E13CC84BE00C8BADE /* SearchViewController.h */ = {isa = PBXFileReference; fileEncoding = 4; lastKnownFileType = sourcecode.c.h; path = SearchViewController.h; sourceTree = "<group>"; };
		D6A9150F13CC84BE00C8BADE /* SearchViewController.m */ = {isa = PBXFileReference; fileEncoding = 4; lastKnownFileType = sourcecode.c.objc; path = SearchViewController.m; sourceTree = "<group>"; };
		D6F7E47313C76DE000A4C875 /* BoxOverlay.png */ = {isa = PBXFileReference; lastKnownFileType = image.png; path = BoxOverlay.png; sourceTree = "<group>"; };
		D6F7E47F13C7BA0100A4C875 /* b.jpg */ = {isa = PBXFileReference; lastKnownFileType = image.jpeg; path = b.jpg; sourceTree = "<group>"; };
		D6F7E48013C7BA0200A4C875 /* c.jpg */ = {isa = PBXFileReference; lastKnownFileType = image.jpeg; path = c.jpg; sourceTree = "<group>"; };
		D6F7E48113C7BA0200A4C875 /* d.jpg */ = {isa = PBXFileReference; lastKnownFileType = image.jpeg; path = d.jpg; sourceTree = "<group>"; };
		D6F7E48613C7BA4000A4C875 /* e.jpg */ = {isa = PBXFileReference; lastKnownFileType = image.jpeg; path = e.jpg; sourceTree = "<group>"; };
/* End PBXFileReference section */

/* Begin PBXFrameworksBuildPhase section */
		D657204713C617E80002AA67 /* Frameworks */ = {
			isa = PBXFrameworksBuildPhase;
			buildActionMask = 2147483647;
			files = (
				D60EF9DF13C9F887002627AA /* OpenGLES.framework in Frameworks */,
				D657207813C618DD0002AA67 /* QuartzCore.framework in Frameworks */,
				D657208013C6190A0002AA67 /* libz.1.2.3.dylib in Frameworks */,
				D657207E13C618FE0002AA67 /* SystemConfiguration.framework in Frameworks */,
				D657207C13C618F30002AA67 /* MobileCoreServices.framework in Frameworks */,
				D657207A13C618E70002AA67 /* CFNetwork.framework in Frameworks */,
				D657204F13C617E80002AA67 /* UIKit.framework in Frameworks */,
				D657205113C617E80002AA67 /* Foundation.framework in Frameworks */,
				D657205313C617E80002AA67 /* CoreGraphics.framework in Frameworks */,
			);
			runOnlyForDeploymentPostprocessing = 0;
		};
/* End PBXFrameworksBuildPhase section */

/* Begin PBXGroup section */
		D657203F13C617E80002AA67 = {
			isa = PBXGroup;
			children = (
				D657205413C617E80002AA67 /* Pathology-interface */,
				D657204D13C617E80002AA67 /* Frameworks */,
				D657204B13C617E80002AA67 /* Products */,
			);
			sourceTree = "<group>";
		};
		D657204B13C617E80002AA67 /* Products */ = {
			isa = PBXGroup;
			children = (
				D657204A13C617E80002AA67 /* Pathology-interface.app */,
			);
			name = Products;
			sourceTree = "<group>";
		};
		D657204D13C617E80002AA67 /* Frameworks */ = {
			isa = PBXGroup;
			children = (
				D60EF9DE13C9F887002627AA /* OpenGLES.framework */,
				D60EF9DD13C9F87A002627AA /* QuartzCore.framework */,
				D657207F13C6190A0002AA67 /* libz.1.2.3.dylib */,
				D657207D13C618FE0002AA67 /* SystemConfiguration.framework */,
				D657207B13C618F30002AA67 /* MobileCoreServices.framework */,
				D657207913C618E70002AA67 /* CFNetwork.framework */,
				D657207713C618DD0002AA67 /* QuartzCore.framework */,
				D657204E13C617E80002AA67 /* UIKit.framework */,
				D657205013C617E80002AA67 /* Foundation.framework */,
				D657205213C617E80002AA67 /* CoreGraphics.framework */,
			);
			name = Frameworks;
			sourceTree = "<group>";
		};
		D657205413C617E80002AA67 /* Pathology-interface */ = {
			isa = PBXGroup;
			children = (
				D65720C813C61AA90002AA67 /* Main Controller */,
				D65720C713C61A900002AA67 /* GigaPixel */,
				D657207313C618890002AA67 /* GridView */,
				D657207213C6185B0002AA67 /* Reachability2.0 */,
				D657207113C6183A0002AA67 /* ASIHTTPRequest */,
				D657207013C618240002AA67 /* TouchJSON */,
				D657205513C617E80002AA67 /* Supporting Files */,
			);
			path = "Pathology-interface";
			sourceTree = "<group>";
		};
		D657205513C617E80002AA67 /* Supporting Files */ = {
			isa = PBXGroup;
			children = (
				D657206013C617E80002AA67 /* MainWindow.xib */,
				D6F7E48613C7BA4000A4C875 /* e.jpg */,
				D6F7E47F13C7BA0100A4C875 /* b.jpg */,
				D60EF9C313C9F82E002627AA /* Shader.vsh */,
				D60EF9C413C9F82E002627AA /* Shader.fsh */,
				D60EF9C513C9F82E002627AA /* ShaderCom.fsh */,
				D60EF9C613C9F82E002627AA /* Icon.png */,
				D60EF9C713C9F82E002627AA /* header3.txt */,
				D60EF9C813C9F82E002627AA /* header4.txt */,
				D60EF9C913C9F82E002627AA /* header5.txt */,
				D60EF9CA13C9F82E002627AA /* header6.txt */,
				D60EF9CB13C9F82E002627AA /* header7.txt */,
				D60EF9CC13C9F82E002627AA /* header8.txt */,
				D60EF9CD13C9F82E002627AA /* header9.txt */,
				D60EF9CE13C9F82E002627AA /* header10.txt */,
				D60EF9CF13C9F82E002627AA /* checkers.png */,
				D6F7E48013C7BA0200A4C875 /* c.jpg */,
				D6F7E48113C7BA0200A4C875 /* d.jpg */,
				D6F7E47313C76DE000A4C875 /* BoxOverlay.png */,
				D67D3CBC13C69F2000ED0A59 /* ExampleImage.jpg */,
				D67D3CBA13C69EF900ED0A59 /* InstantWatch.png */,
				D67D3CA313C677A600ED0A59 /* ApplicationBG.png */,
				D657212813C644510002AA67 /* SectionBG.png */,
				D657211C13C62EE20002AA67 /* Chevron.png */,
				D657211A13C62ED50002AA67 /* ActorButtonBG.png */,
				D657205613C617E80002AA67 /* Pathology-interface-Info.plist */,
				D657205713C617E80002AA67 /* InfoPlist.strings */,
				D657205A13C617E80002AA67 /* Pathology-interface-Prefix.pch */,
				D657205B13C617E80002AA67 /* main.m */,
				D67D3CB613C6835600ED0A59 /* Pathology.plist */,
				D60EF9E813CA0A25002627AA /* GigaPixel.plist */,
			);
			name = "Supporting Files";
			sourceTree = "<group>";
		};
		D657207013C618240002AA67 /* TouchJSON */ = {
			isa = PBXGroup;
			children = (
				D65720E213C61D0F0002AA67 /* CDataScanner_Extensions.h */,
				D65720E313C61D0F0002AA67 /* NSDictionary_JSONExtensions.h */,
				D65720E413C61D0F0002AA67 /* CDataScanner_Extensions.m */,
				D65720E513C61D0F0002AA67 /* NSDictionary_JSONExtensions.m */,
				D65720D813C61D040002AA67 /* CJSONDeserializer.h */,
				D65720D913C61D040002AA67 /* CJSONScanner.h */,
				D65720DA13C61D040002AA67 /* CJSONSerializer.h */,
				D65720DB13C61D040002AA67 /* JSONRepresentation.h */,
				D65720DC13C61D040002AA67 /* CJSONDeserializer.m */,
				D65720DD13C61D040002AA67 /* CJSONScanner.m */,
				D65720DE13C61D040002AA67 /* CJSONSerializer.m */,
				D65720C913C61B690002AA67 /* CDataScanner.h */,
				D65720CD13C61B690002AA67 /* CDataScanner.m */,
			);
			name = TouchJSON;
			sourceTree = "<group>";
		};
		D657207113C6183A0002AA67 /* ASIHTTPRequest */ = {
			isa = PBXGroup;
			children = (
				D657209513C61A2A0002AA67 /* ASIAuthenticationDialog.m */,
				D657209613C61A2A0002AA67 /* ASIDataCompressor.m */,
				D657209713C61A2A0002AA67 /* ASIDataDecompressor.m */,
				D657209813C61A2A0002AA67 /* ASIDownloadCache.m */,
				D657209913C61A2A0002AA67 /* ASIFormDataRequest.m */,
				D657209A13C61A2A0002AA67 /* ASIHTTPRequest.m */,
				D657209B13C61A2A0002AA67 /* ASIInputStream.m */,
				D657209C13C61A2A0002AA67 /* ASINetworkQueue.m */,
				D657208913C61A210002AA67 /* ASIAuthenticationDialog.h */,
				D657208A13C61A210002AA67 /* ASICacheDelegate.h */,
				D657208B13C61A210002AA67 /* ASIDataCompressor.h */,
				D657208C13C61A210002AA67 /* ASIDataDecompressor.h */,
				D657208D13C61A210002AA67 /* ASIDownloadCache.h */,
				D657208E13C61A210002AA67 /* ASIFormDataRequest.h */,
				D657208F13C61A210002AA67 /* ASIHTTPRequest.h */,
				D657209013C61A210002AA67 /* ASIHTTPRequestConfig.h */,
				D657209113C61A210002AA67 /* ASIHTTPRequestDelegate.h */,
				D657209213C61A210002AA67 /* ASIInputStream.h */,
				D657209313C61A210002AA67 /* ASINetworkQueue.h */,
				D657209413C61A210002AA67 /* ASIProgressDelegate.h */,
			);
			name = ASIHTTPRequest;
			sourceTree = "<group>";
		};
		D657207213C6185B0002AA67 /* Reachability2.0 */ = {
			isa = PBXGroup;
			children = (
				D657207413C618BB0002AA67 /* Reachability.h */,
				D657207513C618BB0002AA67 /* Reachability.m */,
			);
			name = Reachability2.0;
			sourceTree = "<group>";
		};
		D657207313C618890002AA67 /* GridView */ = {
			isa = PBXGroup;
			children = (
				D65720A513C61A490002AA67 /* AQGridView.h */,
				D65720A613C61A490002AA67 /* AQGridView+CellLayout.h */,
				D65720A713C61A490002AA67 /* AQGridView+CellLocationDelegation.h */,
				D65720A813C61A490002AA67 /* AQGridViewAnimatorItem.h */,
				D65720A913C61A490002AA67 /* AQGridViewCell.h */,
				D65720AA13C61A490002AA67 /* AQGridViewCell+AQGridViewCellPrivate.h */,
				D65720AB13C61A490002AA67 /* AQGridViewController.h */,
				D65720AC13C61A490002AA67 /* AQGridViewData.h */,
				D65720AD13C61A490002AA67 /* AQGridViewUpdateInfo.h */,
				D65720AE13C61A490002AA67 /* AQGridViewUpdateItem.h */,
				D65720AF13C61A490002AA67 /* NSIndexSet+AQIndexesOutsideSet.h */,
				D65720B013C61A490002AA67 /* NSIndexSet+AQIsSetContiguous.h */,
				D65720B113C61A490002AA67 /* UIColor+AQGridView.h */,
				D65720B213C61A490002AA67 /* AQGridView.m */,
				D65720B313C61A490002AA67 /* AQGridViewAnimatorItem.m */,
				D65720B413C61A490002AA67 /* AQGridViewCell.m */,
				D65720B513C61A490002AA67 /* AQGridViewController.m */,
				D65720B613C61A490002AA67 /* AQGridViewData.m */,
				D65720B713C61A490002AA67 /* AQGridViewUpdateInfo.m */,
				D65720B813C61A490002AA67 /* AQGridViewUpdateItem.m */,
				D65720B913C61A490002AA67 /* NSIndexSet+AQIndexesOutsideSet.m */,
				D65720BA13C61A490002AA67 /* NSIndexSet+AQIsSetContiguous.m */,
				D65720BB13C61A490002AA67 /* UIColor+AQGridView.m */,
			);
			name = GridView;
			sourceTree = "<group>";
		};
		D65720C713C61A900002AA67 /* GigaPixel */ = {
			isa = PBXGroup;
			children = (
				D60EF98013C9F806002627AA /* SessionList.h */,
				D60EF98113C9F806002627AA /* SessionList.m */,
				D60EF98213C9F806002627AA /* Stack.h */,
				D60EF98313C9F806002627AA /* Stack.m */,
				D60EF98413C9F806002627AA /* NetCacheManager.h */,
				D60EF98513C9F806002627AA /* NetCacheManager.m */,
				D60EF98613C9F806002627AA /* CacheManager.h */,
				D60EF98713C9F806002627AA /* CacheManager.m */,
				D60EF98813C9F806002627AA /* GLLock.h */,
				D60EF98913C9F806002627AA /* GLLock.m */,
				D60EF98A13C9F806002627AA /* GigaPixel.m */,
				D60EF98B13C9F806002627AA /* GigaPixel.h */,
				D60EF98C13C9F806002627AA /* glUtil.h */,
				D60EF98D13C9F806002627AA /* PyramidLevel.h */,
				D60EF98E13C9F806002627AA /* PyramidLevel.m */,
				D60EF98F13C9F806002627AA /* Tile.h */,
				D60EF99013C9F806002627AA /* Tile.m */,
				D60EF99113C9F806002627AA /* TileLoader.h */,
				D60EF99213C9F806002627AA /* TileLoader.m */,
				D60EF99313C9F806002627AA /* TileManager.h */,
				D60EF99413C9F806002627AA /* TileManager.m */,
				D60EF99513C9F806002627AA /* sourceUtil.h */,
				D60EF99613C9F806002627AA /* sourceUtil.c */,
				D60EF99713C9F806002627AA /* PrefetchManager.h */,
				D60EF99813C9F806002627AA /* PrefetchManager.m */,
				D60EF99913C9F806002627AA /* ES1Renderer.h */,
				D60EF99A13C9F806002627AA /* ES1Renderer.m */,
				D60EF99B13C9F806002627AA /* ESRenderer.h */,
				D60EF99C13C9F806002627AA /* EAGLView.h */,
				D60EF99D13C9F806002627AA /* EAGLView.m */,
				D60EF99E13C9F806002627AA /* Texture2D.h */,
				D60EF99F13C9F806002627AA /* Texture2D.m */,
				D60EF9A013C9F806002627AA /* Message.h */,
				D60EF9A113C9F806002627AA /* Message.m */,
				D60EF9A213C9F806002627AA /* PollMsg.h */,
				D60EF9A313C9F806002627AA /* PollMsg.m */,
				D60EF9A413C9F806002627AA /* esShader.c */,
				D60EF9A513C9F806002627AA /* esShapes.c */,
				D60EF9A613C9F806002627AA /* esTransform.c */,
				D60EF9A713C9F806002627AA /* esUtil.c */,
				D60EF9A813C9F806002627AA /* esUtil.h */,
				D60EF9A913C9F806002627AA /* URLCacheConnection.h */,
				D60EF9AA13C9F806002627AA /* URLCacheConnection.m */,
			);
			name = GigaPixel;
			sourceTree = "<group>";
		};
		D65720C813C61AA90002AA67 /* Main Controller */ = {
			isa = PBXGroup;
			children = (
				D6A9150D13CC82D300C8BADE /* TODO */,
				D6A9150C13CC829A00C8BADE /* Utility */,
				D6A9150B13CC827300C8BADE /* Pathology */,
				D6A9150A13CC824000C8BADE /* Chapters */,
				D6A9150813CC821700C8BADE /* Sections */,
				D657205D13C617E80002AA67 /* Pathology_interfaceAppDelegate.h */,
				D657205E13C617E80002AA67 /* Pathology_interfaceAppDelegate.m */,
			);
			name = "Main Controller";
			sourceTree = "<group>";
		};
		D6A9150813CC821700C8BADE /* Sections */ = {
			isa = PBXGroup;
			children = (
				D657211E13C633060002AA67 /* WebViewController.h */,
				D657211F13C633080002AA67 /* WebViewController.m */,
				D657212013C633090002AA67 /* WebViewController.xib */,
				D65720E813C61D900002AA67 /* Section.h */,
				D65720E913C61D900002AA67 /* Section.m */,
				D65720F813C61EB50002AA67 /* SectionCell.h */,
				D65720F913C61EB50002AA67 /* SectionCell.m */,
				D657212613C642ED0002AA67 /* SectionCell.xib */,
				D657210013C61FC50002AA67 /* SectionsViewController.h */,
				D657210113C61FC50002AA67 /* SectionsViewController.m */,
				D657210213C61FC50002AA67 /* SectionsViewController.xib */,
				D6A9150E13CC84BE00C8BADE /* SearchViewController.h */,
				D6A9150F13CC84BE00C8BADE /* SearchViewController.m */,
			);
			name = Sections;
			sourceTree = "<group>";
		};
		D6A9150A13CC824000C8BADE /* Chapters */ = {
			isa = PBXGroup;
			children = (
				D657212313C642D40002AA67 /* ChapterCell.h */,
				D67D3CB813C69E9F00ED0A59 /* ChapterCell.xib */,
				D657212413C642D60002AA67 /* ChapterCell.m */,
				D657210513C61FE20002AA67 /* ChaptersViewController.h */,
				D657210613C61FE20002AA67 /* ChaptersViewController.m */,
				D657210713C61FE20002AA67 /* ChaptersViewController.xib */,
				D65720EF13C61DCF0002AA67 /* Chapter.h */,
				D65720F013C61DCF0002AA67 /* Chapter.m */,
			);
			name = Chapters;
			sourceTree = "<group>";
		};
		D6A9150B13CC827300C8BADE /* Pathology */ = {
			isa = PBXGroup;
			children = (
				D657211213C620790002AA67 /* GigaPixelViewController.h */,
				D657211313C620790002AA67 /* GigaPixelViewController.m */,
				D657211413C620790002AA67 /* GigaPixelViewController.xib */,
				D65720F213C61E280002AA67 /* ButtonGroup.h */,
				D65720F313C61E280002AA67 /* ButtonGroup.m */,
				D65720F513C61E630002AA67 /* ButtonGroupButton.h */,
				D65720F613C61E630002AA67 /* ButtonGroupButton.m */,
				D657210A13C6200A0002AA67 /* PathologyViewController.h */,
				D657210B13C6200A0002AA67 /* PathologyViewController.m */,
				D657210C13C6200A0002AA67 /* PathologyViewController.xib */,
			);
			name = Pathology;
			sourceTree = "<group>";
		};
		D6A9150C13CC829A00C8BADE /* Utility */ = {
			isa = PBXGroup;
			children = (
				D69A68FA13CA27F100687493 /* PresoModeViewController.xib */,
				D69A68F613CA27DD00687493 /* PresoModeViewController.h */,
				D69A68F713CA27DD00687493 /* PresoModeViewController.m */,
				D657211713C6233E0002AA67 /* CellLoading.h */,
				D657211813C6233E0002AA67 /* CellLoading.m */,
			);
			name = Utility;
			sourceTree = "<group>";
		};
		D6A9150D13CC82D300C8BADE /* TODO */ = {
			isa = PBXGroup;
			children = (
				D657210F13C6204D0002AA67 /* UserId.h */,
				D657211013C6204D0002AA67 /* UserId.m */,
			);
			name = TODO;
			sourceTree = "<group>";
		};
/* End PBXGroup section */

/* Begin PBXNativeTarget section */
		D657204913C617E80002AA67 /* Pathology-interface */ = {
			isa = PBXNativeTarget;
			buildConfigurationList = D657206513C617E80002AA67 /* Build configuration list for PBXNativeTarget "Pathology-interface" */;
			buildPhases = (
				D657204613C617E80002AA67 /* Sources */,
				D657204713C617E80002AA67 /* Frameworks */,
				D657204813C617E80002AA67 /* Resources */,
			);
			buildRules = (
			);
			dependencies = (
			);
			name = "Pathology-interface";
			productName = "Pathology-interface";
			productReference = D657204A13C617E80002AA67 /* Pathology-interface.app */;
			productType = "com.apple.product-type.application";
		};
/* End PBXNativeTarget section */

/* Begin PBXProject section */
		D657204113C617E80002AA67 /* Project object */ = {
			isa = PBXProject;
			attributes = {
				ORGANIZATIONNAME = "Harvard University Extension School";
			};
			buildConfigurationList = D657204413C617E80002AA67 /* Build configuration list for PBXProject "Pathology-interface" */;
			compatibilityVersion = "Xcode 3.2";
			developmentRegion = English;
			hasScannedForEncodings = 0;
			knownRegions = (
				en,
			);
			mainGroup = D657203F13C617E80002AA67;
			productRefGroup = D657204B13C617E80002AA67 /* Products */;
			projectDirPath = "";
			projectRoot = "";
			targets = (
				D657204913C617E80002AA67 /* Pathology-interface */,
			);
		};
/* End PBXProject section */

/* Begin PBXResourcesBuildPhase section */
		D657204813C617E80002AA67 /* Resources */ = {
			isa = PBXResourcesBuildPhase;
			buildActionMask = 2147483647;
			files = (
				D68755BF13CB285D000D1C63 /* ShaderCom.fsh in Resources */,
				D68755BE13CB2838000D1C63 /* Shader.fsh in Resources */,
				D68755BC13CB27FF000D1C63 /* Shader.vsh in Resources */,
				D657205913C617E80002AA67 /* InfoPlist.strings in Resources */,
				D657206213C617E80002AA67 /* MainWindow.xib in Resources */,
				D657210413C61FC50002AA67 /* SectionsViewController.xib in Resources */,
				D657210913C61FE20002AA67 /* ChaptersViewController.xib in Resources */,
				D657210E13C6200B0002AA67 /* PathologyViewController.xib in Resources */,
				D657211613C6207A0002AA67 /* GigaPixelViewController.xib in Resources */,
				D657211B13C62ED50002AA67 /* ActorButtonBG.png in Resources */,
				D657211D13C62EE20002AA67 /* Chevron.png in Resources */,
				D657212213C6330A0002AA67 /* WebViewController.xib in Resources */,
				D657212713C642EE0002AA67 /* SectionCell.xib in Resources */,
				D657212913C644510002AA67 /* SectionBG.png in Resources */,
				D67D3CA413C677A600ED0A59 /* ApplicationBG.png in Resources */,
				D67D3CB713C6835600ED0A59 /* Pathology.plist in Resources */,
				D67D3CB913C69EA000ED0A59 /* ChapterCell.xib in Resources */,
				D67D3CBB13C69EF900ED0A59 /* InstantWatch.png in Resources */,
				D67D3CBD13C69F2000ED0A59 /* ExampleImage.jpg in Resources */,
				D6F7E47413C76DE000A4C875 /* BoxOverlay.png in Resources */,
				D6F7E48313C7BA0200A4C875 /* b.jpg in Resources */,
				D6F7E48413C7BA0200A4C875 /* c.jpg in Resources */,
				D6F7E48513C7BA0200A4C875 /* d.jpg in Resources */,
				D6F7E48713C7BA4000A4C875 /* e.jpg in Resources */,
				D60EF9D313C9F82E002627AA /* Icon.png in Resources */,
				D60EF9D413C9F82E002627AA /* header3.txt in Resources */,
				D60EF9D513C9F82E002627AA /* header4.txt in Resources */,
				D60EF9D613C9F82E002627AA /* header5.txt in Resources */,
				D60EF9D713C9F82E002627AA /* header6.txt in Resources */,
				D60EF9D813C9F82E002627AA /* header7.txt in Resources */,
				D60EF9D913C9F82E002627AA /* header8.txt in Resources */,
				D60EF9DA13C9F82E002627AA /* header9.txt in Resources */,
				D60EF9DB13C9F82E002627AA /* header10.txt in Resources */,
				D60EF9DC13C9F82E002627AA /* checkers.png in Resources */,
				D60EF9E913CA0A25002627AA /* GigaPixel.plist in Resources */,
				D69A68FB13CA27F100687493 /* PresoModeViewController.xib in Resources */,
			);
			runOnlyForDeploymentPostprocessing = 0;
		};
/* End PBXResourcesBuildPhase section */

/* Begin PBXSourcesBuildPhase section */
		D657204613C617E80002AA67 /* Sources */ = {
			isa = PBXSourcesBuildPhase;
			buildActionMask = 2147483647;
			files = (
				D657205C13C617E80002AA67 /* main.m in Sources */,
				D657205F13C617E80002AA67 /* Pathology_interfaceAppDelegate.m in Sources */,
				D657207613C618BB0002AA67 /* Reachability.m in Sources */,
				D657209D13C61A2A0002AA67 /* ASIAuthenticationDialog.m in Sources */,
				D657209E13C61A2A0002AA67 /* ASIDataCompressor.m in Sources */,
				D657209F13C61A2A0002AA67 /* ASIDataDecompressor.m in Sources */,
				D65720A013C61A2A0002AA67 /* ASIDownloadCache.m in Sources */,
				D65720A113C61A2A0002AA67 /* ASIFormDataRequest.m in Sources */,
				D65720A213C61A2A0002AA67 /* ASIHTTPRequest.m in Sources */,
				D65720A313C61A2A0002AA67 /* ASIInputStream.m in Sources */,
				D65720A413C61A2A0002AA67 /* ASINetworkQueue.m in Sources */,
				D65720BC13C61A490002AA67 /* AQGridView.m in Sources */,
				D65720BD13C61A490002AA67 /* AQGridViewAnimatorItem.m in Sources */,
				D65720BE13C61A490002AA67 /* AQGridViewCell.m in Sources */,
				D65720BF13C61A490002AA67 /* AQGridViewController.m in Sources */,
				D65720C013C61A490002AA67 /* AQGridViewData.m in Sources */,
				D65720C113C61A490002AA67 /* AQGridViewUpdateInfo.m in Sources */,
				D65720C213C61A490002AA67 /* AQGridViewUpdateItem.m in Sources */,
				D65720C313C61A490002AA67 /* NSIndexSet+AQIndexesOutsideSet.m in Sources */,
				D65720C413C61A490002AA67 /* NSIndexSet+AQIsSetContiguous.m in Sources */,
				D65720C513C61A490002AA67 /* UIColor+AQGridView.m in Sources */,
				D65720D113C61B690002AA67 /* CDataScanner.m in Sources */,
				D65720DF13C61D040002AA67 /* CJSONDeserializer.m in Sources */,
				D65720E013C61D040002AA67 /* CJSONScanner.m in Sources */,
				D65720E113C61D040002AA67 /* CJSONSerializer.m in Sources */,
				D65720E613C61D0F0002AA67 /* CDataScanner_Extensions.m in Sources */,
				D65720E713C61D0F0002AA67 /* NSDictionary_JSONExtensions.m in Sources */,
				D65720EA13C61D900002AA67 /* Section.m in Sources */,
				D65720F113C61DCF0002AA67 /* Chapter.m in Sources */,
				D65720F413C61E280002AA67 /* ButtonGroup.m in Sources */,
				D65720F713C61E630002AA67 /* ButtonGroupButton.m in Sources */,
				D65720FA13C61EB50002AA67 /* SectionCell.m in Sources */,
				D657210313C61FC50002AA67 /* SectionsViewController.m in Sources */,
				D657210813C61FE20002AA67 /* ChaptersViewController.m in Sources */,
				D657210D13C6200B0002AA67 /* PathologyViewController.m in Sources */,
				D657211113C6204E0002AA67 /* UserId.m in Sources */,
				D657211513C6207A0002AA67 /* GigaPixelViewController.m in Sources */,
				D657211913C6233F0002AA67 /* CellLoading.m in Sources */,
				D657212113C6330A0002AA67 /* WebViewController.m in Sources */,
				D657212513C642D70002AA67 /* ChapterCell.m in Sources */,
				D60EF9AB13C9F806002627AA /* SessionList.m in Sources */,
				D60EF9AC13C9F806002627AA /* Stack.m in Sources */,
				D60EF9AD13C9F806002627AA /* NetCacheManager.m in Sources */,
				D60EF9AE13C9F806002627AA /* CacheManager.m in Sources */,
				D60EF9AF13C9F806002627AA /* GLLock.m in Sources */,
				D60EF9B013C9F806002627AA /* GigaPixel.m in Sources */,
				D60EF9B113C9F806002627AA /* PyramidLevel.m in Sources */,
				D60EF9B213C9F806002627AA /* Tile.m in Sources */,
				D60EF9B313C9F806002627AA /* TileLoader.m in Sources */,
				D60EF9B413C9F806002627AA /* TileManager.m in Sources */,
				D60EF9B513C9F806002627AA /* sourceUtil.c in Sources */,
				D60EF9B613C9F806002627AA /* PrefetchManager.m in Sources */,
				D60EF9B713C9F806002627AA /* ES1Renderer.m in Sources */,
				D60EF9B813C9F806002627AA /* EAGLView.m in Sources */,
				D60EF9B913C9F806002627AA /* Texture2D.m in Sources */,
				D60EF9BA13C9F806002627AA /* Message.m in Sources */,
				D60EF9BB13C9F806002627AA /* PollMsg.m in Sources */,
				D60EF9BC13C9F806002627AA /* esShader.c in Sources */,
				D60EF9BD13C9F806002627AA /* esShapes.c in Sources */,
				D60EF9BE13C9F806002627AA /* esTransform.c in Sources */,
				D60EF9BF13C9F806002627AA /* esUtil.c in Sources */,
				D60EF9C013C9F806002627AA /* URLCacheConnection.m in Sources */,
				D69A68F813CA27DD00687493 /* PresoModeViewController.m in Sources */,
				D6A9151013CC84BE00C8BADE /* SearchViewController.m in Sources */,
			);
			runOnlyForDeploymentPostprocessing = 0;
		};
/* End PBXSourcesBuildPhase section */

/* Begin PBXVariantGroup section */
		D657205713C617E80002AA67 /* InfoPlist.strings */ = {
			isa = PBXVariantGroup;
			children = (
				D657205813C617E80002AA67 /* en */,
			);
			name = InfoPlist.strings;
			sourceTree = "<group>";
		};
		D657206013C617E80002AA67 /* MainWindow.xib */ = {
			isa = PBXVariantGroup;
			children = (
				D657206113C617E80002AA67 /* en */,
			);
			name = MainWindow.xib;
			sourceTree = "<group>";
		};
/* End PBXVariantGroup section */

/* Begin XCBuildConfiguration section */
		D657206313C617E80002AA67 /* Debug */ = {
			isa = XCBuildConfiguration;
			buildSettings = {
				ARCHS = "$(ARCHS_UNIVERSAL_IPHONE_OS)";
				"CODE_SIGN_IDENTITY[sdk=iphoneos*]" = "iPhone Developer";
				GCC_C_LANGUAGE_STANDARD = gnu99;
				GCC_OPTIMIZATION_LEVEL = 0;
				GCC_PREPROCESSOR_DEFINITIONS = DEBUG;
				GCC_SYMBOLS_PRIVATE_EXTERN = NO;
				GCC_VERSION = com.apple.compilers.llvmgcc42;
				GCC_WARN_ABOUT_RETURN_TYPE = YES;
				GCC_WARN_UNUSED_VARIABLE = YES;
				IPHONEOS_DEPLOYMENT_TARGET = 4.3;
				SDKROOT = iphoneos;
				TARGETED_DEVICE_FAMILY = 2;
			};
			name = Debug;
		};
		D657206413C617E80002AA67 /* Release */ = {
			isa = XCBuildConfiguration;
			buildSettings = {
				ARCHS = "$(ARCHS_UNIVERSAL_IPHONE_OS)";
				"CODE_SIGN_IDENTITY[sdk=iphoneos*]" = "iPhone Developer";
				GCC_C_LANGUAGE_STANDARD = gnu99;
				GCC_VERSION = com.apple.compilers.llvmgcc42;
				GCC_WARN_ABOUT_RETURN_TYPE = YES;
				GCC_WARN_UNUSED_VARIABLE = YES;
				IPHONEOS_DEPLOYMENT_TARGET = 4.3;
				OTHER_CFLAGS = "-DNS_BLOCK_ASSERTIONS=1";
				SDKROOT = iphoneos;
				TARGETED_DEVICE_FAMILY = 2;
			};
			name = Release;
		};
		D657206613C617E80002AA67 /* Debug */ = {
			isa = XCBuildConfiguration;
			buildSettings = {
				ALWAYS_SEARCH_USER_PATHS = NO;
				COPY_PHASE_STRIP = NO;
				GCC_DYNAMIC_NO_PIC = NO;
				GCC_PRECOMPILE_PREFIX_HEADER = YES;
				GCC_PREFIX_HEADER = "Pathology-interface/Pathology-interface-Prefix.pch";
				INFOPLIST_FILE = "Pathology-interface/Pathology-interface-Info.plist";
				IPHONEOS_DEPLOYMENT_TARGET = 3.2;
				PRODUCT_NAME = "$(TARGET_NAME)";
				WRAPPER_EXTENSION = app;
			};
			name = Debug;
		};
		D657206713C617E80002AA67 /* Release */ = {
			isa = XCBuildConfiguration;
			buildSettings = {
				ALWAYS_SEARCH_USER_PATHS = NO;
				COPY_PHASE_STRIP = YES;
				GCC_PRECOMPILE_PREFIX_HEADER = YES;
				GCC_PREFIX_HEADER = "Pathology-interface/Pathology-interface-Prefix.pch";
				INFOPLIST_FILE = "Pathology-interface/Pathology-interface-Info.plist";
				IPHONEOS_DEPLOYMENT_TARGET = 3.2;
				PRODUCT_NAME = "$(TARGET_NAME)";
				VALIDATE_PRODUCT = YES;
				WRAPPER_EXTENSION = app;
			};
			name = Release;
		};
/* End XCBuildConfiguration section */

/* Begin XCConfigurationList section */
		D657204413C617E80002AA67 /* Build configuration list for PBXProject "Pathology-interface" */ = {
			isa = XCConfigurationList;
			buildConfigurations = (
				D657206313C617E80002AA67 /* Debug */,
				D657206413C617E80002AA67 /* Release */,
			);
			defaultConfigurationIsVisible = 0;
			defaultConfigurationName = Release;
		};
		D657206513C617E80002AA67 /* Build configuration list for PBXNativeTarget "Pathology-interface" */ = {
			isa = XCConfigurationList;
			buildConfigurations = (
				D657206613C617E80002AA67 /* Debug */,
				D657206713C617E80002AA67 /* Release */,
			);
			defaultConfigurationIsVisible = 0;
			defaultConfigurationName = Release;
		};
/* End XCConfigurationList section */
	};
	rootObject = D657204113C617E80002AA67 /* Project object */;
}
