// !$*UTF8*$!
{
	archiveVersion = 1;
	classes = {
	};
	objectVersion = 46;
	objects = {

/* Begin PBXBuildFile section */
		D657204F13C617E80002AA67 /* UIKit.framework in Frameworks */ = {isa = PBXBuildFile; fileRef = D657204E13C617E80002AA67 /* UIKit.framework */; };
		D657205113C617E80002AA67 /* Foundation.framework in Frameworks */ = {isa = PBXBuildFile; fileRef = D657205013C617E80002AA67 /* Foundation.framework */; };
		D657205313C617E80002AA67 /* CoreGraphics.framework in Frameworks */ = {isa = PBXBuildFile; fileRef = D657205213C617E80002AA67 /* CoreGraphics.framework */; };
		D657205913C617E80002AA67 /* InfoPlist.strings in Resources */ = {isa = PBXBuildFile; fileRef = D657205713C617E80002AA67 /* InfoPlist.strings */; };
		D657205C13C617E80002AA67 /* main.m in Sources */ = {isa = PBXBuildFile; fileRef = D657205B13C617E80002AA67 /* main.m */; };
		D657205F13C617E80002AA67 /* Pathology_interfaceAppDelegate.m in Sources */ = {isa = PBXBuildFile; fileRef = D657205E13C617E80002AA67 /* Pathology_interfaceAppDelegate.m */; };
		D657206213C617E80002AA67 /* MainWindow.xib in Resources */ = {isa = PBXBuildFile; fileRef = D657206013C617E80002AA67 /* MainWindow.xib */; };
		D657207613C618BB0002AA67 /* Reachability.m in Sources */ = {isa = PBXBuildFile; fileRef = D657207513C618BB0002AA67 /* Reachability.m */; };
		D657207813C618DD0002AA67 /* QuartzCore.framework in Frameworks */ = {isa = PBXBuildFile; fileRef = D657207713C618DD0002AA67 /* QuartzCore.framework */; };
		D657207A13C618E70002AA67 /* CFNetwork.framework in Frameworks */ = {isa = PBXBuildFile; fileRef = D657207913C618E70002AA67 /* CFNetwork.framework */; };
		D657207C13C618F30002AA67 /* MobileCoreServices.framework in Frameworks */ = {isa = PBXBuildFile; fileRef = D657207B13C618F30002AA67 /* MobileCoreServices.framework */; };
		D657207E13C618FE0002AA67 /* SystemConfiguration.framework in Frameworks */ = {isa = PBXBuildFile; fileRef = D657207D13C618FE0002AA67 /* SystemConfiguration.framework */; };
		D657208013C6190A0002AA67 /* libz.1.2.3.dylib in Frameworks */ = {isa = PBXBuildFile; fileRef = D657207F13C6190A0002AA67 /* libz.1.2.3.dylib */; };
		D657209D13C61A2A0002AA67 /* ASIAuthenticationDialog.m in Sources */ = {isa = PBXBuildFile; fileRef = D657209513C61A2A0002AA67 /* ASIAuthenticationDialog.m */; };
		D657209E13C61A2A0002AA67 /* ASIDataCompressor.m in Sources */ = {isa = PBXBuildFile; fileRef = D657209613C61A2A0002AA67 /* ASIDataCompressor.m */; };
		D657209F13C61A2A0002AA67 /* ASIDataDecompressor.m in Sources */ = {isa = PBXBuildFile; fileRef = D657209713C61A2A0002AA67 /* ASIDataDecompressor.m */; };
		D65720A013C61A2A0002AA67 /* ASIDownloadCache.m in Sources */ = {isa = PBXBuildFile; fileRef = D657209813C61A2A0002AA67 /* ASIDownloadCache.m */; };
		D65720A113C61A2A0002AA67 /* ASIFormDataRequest.m in Sources */ = {isa = PBXBuildFile; fileRef = D657209913C61A2A0002AA67 /* ASIFormDataRequest.m */; };
		D65720A213C61A2A0002AA67 /* ASIHTTPRequest.m in Sources */ = {isa = PBXBuildFile; fileRef = D657209A13C61A2A0002AA67 /* ASIHTTPRequest.m */; };
		D65720A313C61A2A0002AA67 /* ASIInputStream.m in Sources */ = {isa = PBXBuildFile; fileRef = D657209B13C61A2A0002AA67 /* ASIInputStream.m */; };
		D65720A413C61A2A0002AA67 /* ASINetworkQueue.m in Sources */ = {isa = PBXBuildFile; fileRef = D657209C13C61A2A0002AA67 /* ASINetworkQueue.m */; };
		D65720BC13C61A490002AA67 /* AQGridView.m in Sources */ = {isa = PBXBuildFile; fileRef = D65720B213C61A490002AA67 /* AQGridView.m */; };
		D65720BD13C61A490002AA67 /* AQGridViewAnimatorItem.m in Sources */ = {isa = PBXBuildFile; fileRef = D65720B313C61A490002AA67 /* AQGridViewAnimatorItem.m */; };
		D65720BE13C61A490002AA67 /* AQGridViewCell.m in Sources */ = {isa = PBXBuildFile; fileRef = D65720B413C61A490002AA67 /* AQGridViewCell.m */; };
		D65720BF13C61A490002AA67 /* AQGridViewController.m in Sources */ = {isa = PBXBuildFile; fileRef = D65720B513C61A490002AA67 /* AQGridViewController.m */; };
		D65720C013C61A490002AA67 /* AQGridViewData.m in Sources */ = {isa = PBXBuildFile; fileRef = D65720B613C61A490002AA67 /* AQGridViewData.m */; };
		D65720C113C61A490002AA67 /* AQGridViewUpdateInfo.m in Sources */ = {isa = PBXBuildFile; fileRef = D65720B713C61A490002AA67 /* AQGridViewUpdateInfo.m */; };
		D65720C213C61A490002AA67 /* AQGridViewUpdateItem.m in Sources */ = {isa = PBXBuildFile; fileRef = D65720B813C61A490002AA67 /* AQGridViewUpdateItem.m */; };
		D65720C313C61A490002AA67 /* NSIndexSet+AQIndexesOutsideSet.m in Sources */ = {isa = PBXBuildFile; fileRef = D65720B913C61A490002AA67 /* NSIndexSet+AQIndexesOutsideSet.m */; };
		D65720C413C61A490002AA67 /* NSIndexSet+AQIsSetContiguous.m in Sources */ = {isa = PBXBuildFile; fileRef = D65720BA13C61A490002AA67 /* NSIndexSet+AQIsSetContiguous.m */; };
		D65720C513C61A490002AA67 /* UIColor+AQGridView.m in Sources */ = {isa = PBXBuildFile; fileRef = D65720BB13C61A490002AA67 /* UIColor+AQGridView.m */; };
		D65720D113C61B690002AA67 /* CDataScanner.m in Sources */ = {isa = PBXBuildFile; fileRef = D65720CD13C61B690002AA67 /* CDataScanner.m */; };
		D65720DF13C61D040002AA67 /* CJSONDeserializer.m in Sources */ = {isa = PBXBuildFile; fileRef = D65720DC13C61D040002AA67 /* CJSONDeserializer.m */; };
		D65720E013C61D040002AA67 /* CJSONScanner.m in Sources */ = {isa = PBXBuildFile; fileRef = D65720DD13C61D040002AA67 /* CJSONScanner.m */; };
		D65720E113C61D040002AA67 /* CJSONSerializer.m in Sources */ = {isa = PBXBuildFile; fileRef = D65720DE13C61D040002AA67 /* CJSONSerializer.m */; };
		D65720E613C61D0F0002AA67 /* CDataScanner_Extensions.m in Sources */ = {isa = PBXBuildFile; fileRef = D65720E413C61D0F0002AA67 /* CDataScanner_Extensions.m */; };
		D65720E713C61D0F0002AA67 /* NSDictionary_JSONExtensions.m in Sources */ = {isa = PBXBuildFile; fileRef = D65720E513C61D0F0002AA67 /* NSDictionary_JSONExtensions.m */; };
		D65720EA13C61D900002AA67 /* Section.m in Sources */ = {isa = PBXBuildFile; fileRef = D65720E913C61D900002AA67 /* Section.m */; };
		D65720F113C61DCF0002AA67 /* Chapter.m in Sources */ = {isa = PBXBuildFile; fileRef = D65720F013C61DCF0002AA67 /* Chapter.m */; };
		D65720F413C61E280002AA67 /* ButtonGroup.m in Sources */ = {isa = PBXBuildFile; fileRef = D65720F313C61E280002AA67 /* ButtonGroup.m */; };
		D65720F713C61E630002AA67 /* ButtonGroupButton.m in Sources */ = {isa = PBXBuildFile; fileRef = D65720F613C61E630002AA67 /* ButtonGroupButton.m */; };
		D65720FA13C61EB50002AA67 /* SectionCell.m in Sources */ = {isa = PBXBuildFile; fileRef = D65720F913C61EB50002AA67 /* SectionCell.m */; };
		D657210313C61FC50002AA67 /* SectionsViewController.m in Sources */ = {isa = PBXBuildFile; fileRef = D657210113C61FC50002AA67 /* SectionsViewController.m */; };
		D657210413C61FC50002AA67 /* SectionsViewController.xib in Resources */ = {isa = PBXBuildFile; fileRef = D657210213C61FC50002AA67 /* SectionsViewController.xib */; };
		D657210813C61FE20002AA67 /* ChaptersViewController.m in Sources */ = {isa = PBXBuildFile; fileRef = D657210613C61FE20002AA67 /* ChaptersViewController.m */; };
		D657210913C61FE20002AA67 /* ChaptersViewController.xib in Resources */ = {isa = PBXBuildFile; fileRef = D657210713C61FE20002AA67 /* ChaptersViewController.xib */; };
		D657210D13C6200B0002AA67 /* PathologyViewController.m in Sources */ = {isa = PBXBuildFile; fileRef = D657210B13C6200A0002AA67 /* PathologyViewController.m */; };
		D657210E13C6200B0002AA67 /* PathologyViewController.xib in Resources */ = {isa = PBXBuildFile; fileRef = D657210C13C6200A0002AA67 /* PathologyViewController.xib */; };
		D657211113C6204E0002AA67 /* UserId.m in Sources */ = {isa = PBXBuildFile; fileRef = D657211013C6204D0002AA67 /* UserId.m */; };
		D657211513C6207A0002AA67 /* GigaPixelViewController.m in Sources */ = {isa = PBXBuildFile; fileRef = D657211313C620790002AA67 /* GigaPixelViewController.m */; };
		D657211613C6207A0002AA67 /* GigaPixelViewController.xib in Resources */ = {isa = PBXBuildFile; fileRef = D657211413C620790002AA67 /* GigaPixelViewController.xib */; };
		D657211913C6233F0002AA67 /* CellLoading.m in Sources */ = {isa = PBXBuildFile; fileRef = D657211813C6233E0002AA67 /* CellLoading.m */; };
		D657211B13C62ED50002AA67 /* ActorButtonBG.png in Resources */ = {isa = PBXBuildFile; fileRef = D657211A13C62ED50002AA67 /* ActorButtonBG.png */; };
		D657211D13C62EE20002AA67 /* Chevron.png in Resources */ = {isa = PBXBuildFile; fileRef = D657211C13C62EE20002AA67 /* Chevron.png */; };
		D657212113C6330A0002AA67 /* WebViewController.m in Sources */ = {isa = PBXBuildFile; fileRef = D657211F13C633080002AA67 /* WebViewController.m */; };
		D657212213C6330A0002AA67 /* WebViewController.xib in Resources */ = {isa = PBXBuildFile; fileRef = D657212013C633090002AA67 /* WebViewController.xib */; };
		D657212513C642D70002AA67 /* ChapterCell.m in Sources */ = {isa = PBXBuildFile; fileRef = D657212413C642D60002AA67 /* ChapterCell.m */; };
		D657212713C642EE0002AA67 /* SectionCell.xib in Resources */ = {isa = PBXBuildFile; fileRef = D657212613C642ED0002AA67 /* SectionCell.xib */; };
		D657212913C644510002AA67 /* SectionBG.png in Resources */ = {isa = PBXBuildFile; fileRef = D657212813C644510002AA67 /* SectionBG.png */; };
		D67D3CA413C677A600ED0A59 /* ApplicationBG.png in Resources */ = {isa = PBXBuildFile; fileRef = D67D3CA313C677A600ED0A59 /* ApplicationBG.png */; };
		D67D3CB713C6835600ED0A59 /* Pathology.plist in Resources */ = {isa = PBXBuildFile; fileRef = D67D3CB613C6835600ED0A59 /* Pathology.plist */; };
		D67D3CB913C69EA000ED0A59 /* ChapterCell.xib in Resources */ = {isa = PBXBuildFile; fileRef = D67D3CB813C69E9F00ED0A59 /* ChapterCell.xib */; };
		D67D3CBB13C69EF900ED0A59 /* InstantWatch.png in Resources */ = {isa = PBXBuildFile; fileRef = D67D3CBA13C69EF900ED0A59 /* InstantWatch.png */; };
		D67D3CBD13C69F2000ED0A59 /* ExampleImage.jpg in Resources */ = {isa = PBXBuildFile; fileRef = D67D3CBC13C69F2000ED0A59 /* ExampleImage.jpg */; };
		D6F7E47413C76DE000A4C875 /* BoxOverlay.png in Resources */ = {isa = PBXBuildFile; fileRef = D6F7E47313C76DE000A4C875 /* BoxOverlay.png */; };
		D6F7E48313C7BA0200A4C875 /* b.jpg in Resources */ = {isa = PBXBuildFile; fileRef = D6F7E47F13C7BA0100A4C875 /* b.jpg */; };
		D6F7E48413C7BA0200A4C875 /* c.jpg in Resources */ = {isa = PBXBuildFile; fileRef = D6F7E48013C7BA0200A4C875 /* c.jpg */; };
		D6F7E48513C7BA0200A4C875 /* d.jpg in Resources */ = {isa = PBXBuildFile; fileRef = D6F7E48113C7BA0200A4C875 /* d.jpg */; };
		D6F7E48713C7BA4000A4C875 /* e.jpg in Resources */ = {isa = PBXBuildFile; fileRef = D6F7E48613C7BA4000A4C875 /* e.jpg */; };
/* End PBXBuildFile section */

/* Begin PBXFileReference section */
		D657204A13C617E80002AA67 /* Pathology-interface.app */ = {isa = PBXFileReference; explicitFileType = wrapper.application; includeInIndex = 0; path = "Pathology-interface.app"; sourceTree = BUILT_PRODUCTS_DIR; };
		D657204E13C617E80002AA67 /* UIKit.framework */ = {isa = PBXFileReference; lastKnownFileType = wrapper.framework; name = UIKit.framework; path = System/Library/Frameworks/UIKit.framework; sourceTree = SDKROOT; };
		D657205013C617E80002AA67 /* Foundation.framework */ = {isa = PBXFileReference; lastKnownFileType = wrapper.framework; name = Foundation.framework; path = System/Library/Frameworks/Foundation.framework; sourceTree = SDKROOT; };
		D657205213C617E80002AA67 /* CoreGraphics.framework */ = {isa = PBXFileReference; lastKnownFileType = wrapper.framework; name = CoreGraphics.framework; path = System/Library/Frameworks/CoreGraphics.framework; sourceTree = SDKROOT; };
		D657205613C617E80002AA67 /* Pathology-interface-Info.plist */ = {isa = PBXFileReference; lastKnownFileType = text.plist.xml; path = "Pathology-interface-Info.plist"; sourceTree = "<group>"; };
		D657205813C617E80002AA67 /* en */ = {isa = PBXFileReference; lastKnownFileType = text.plist.strings; name = en; path = en.lproj/InfoPlist.strings; sourceTree = "<group>"; };
		D657205A13C617E80002AA67 /* Pathology-interface-Prefix.pch */ = {isa = PBXFileReference; lastKnownFileType = sourcecode.c.h; path = "Pathology-interface-Prefix.pch"; sourceTree = "<group>"; };
		D657205B13C617E80002AA67 /* main.m */ = {isa = PBXFileReference; lastKnownFileType = sourcecode.c.objc; path = main.m; sourceTree = "<group>"; };
		D657205D13C617E80002AA67 /* Pathology_interfaceAppDelegate.h */ = {isa = PBXFileReference; lastKnownFileType = sourcecode.c.h; path = Pathology_interfaceAppDelegate.h; sourceTree = "<group>"; };
		D657205E13C617E80002AA67 /* Pathology_interfaceAppDelegate.m */ = {isa = PBXFileReference; lastKnownFileType = sourcecode.c.objc; path = Pathology_interfaceAppDelegate.m; sourceTree = "<group>"; };
		D657206113C617E80002AA67 /* en */ = {isa = PBXFileReference; lastKnownFileType = file.xib; name = en; path = en.lproj/MainWindow.xib; sourceTree = "<group>"; };
		D657207413C618BB0002AA67 /* Reachability.h */ = {isa = PBXFileReference; fileEncoding = 4; lastKnownFileType = sourcecode.c.h; path = Reachability.h; sourceTree = "<group>"; };
		D657207513C618BB0002AA67 /* Reachability.m */ = {isa = PBXFileReference; fileEncoding = 4; lastKnownFileType = sourcecode.c.objc; path = Reachability.m; sourceTree = "<group>"; };
		D657207713C618DD0002AA67 /* QuartzCore.framework */ = {isa = PBXFileReference; lastKnownFileType = wrapper.framework; name = QuartzCore.framework; path = System/Library/Frameworks/QuartzCore.framework; sourceTree = SDKROOT; };
		D657207913C618E70002AA67 /* CFNetwork.framework */ = {isa = PBXFileReference; lastKnownFileType = wrapper.framework; name = CFNetwork.framework; path = System/Library/Frameworks/CFNetwork.framework; sourceTree = SDKROOT; };
		D657207B13C618F30002AA67 /* MobileCoreServices.framework */ = {isa = PBXFileReference; lastKnownFileType = wrapper.framework; name = MobileCoreServices.framework; path = System/Library/Frameworks/MobileCoreServices.framework; sourceTree = SDKROOT; };
		D657207D13C618FE0002AA67 /* SystemConfiguration.framework */ = {isa = PBXFileReference; lastKnownFileType = wrapper.framework; name = SystemConfiguration.framework; path = System/Library/Frameworks/SystemConfiguration.framework; sourceTree = SDKROOT; };
		D657207F13C6190A0002AA67 /* libz.1.2.3.dylib */ = {isa = PBXFileReference; lastKnownFileType = "compiled.mach-o.dylib"; name = libz.1.2.3.dylib; path = usr/lib/libz.1.2.3.dylib; sourceTree = SDKROOT; };
		D657208913C61A210002AA67 /* ASIAuthenticationDialog.h */ = {isa = PBXFileReference; fileEncoding = 4; lastKnownFileType = sourcecode.c.h; path = ASIAuthenticationDialog.h; sourceTree = "<group>"; };
		D657208A13C61A210002AA67 /* ASICacheDelegate.h */ = {isa = PBXFileReference; fileEncoding = 4; lastKnownFileType = sourcecode.c.h; path = ASICacheDelegate.h; sourceTree = "<group>"; };
		D657208B13C61A210002AA67 /* ASIDataCompressor.h */ = {isa = PBXFileReference; fileEncoding = 4; lastKnownFileType = sourcecode.c.h; path = ASIDataCompressor.h; sourceTree = "<group>"; };
		D657208C13C61A210002AA67 /* ASIDataDecompressor.h */ = {isa = PBXFileReference; fileEncoding = 4; lastKnownFileType = sourcecode.c.h; path = ASIDataDecompressor.h; sourceTree = "<group>"; };
		D657208D13C61A210002AA67 /* ASIDownloadCache.h */ = {isa = PBXFileReference; fileEncoding = 4; lastKnownFileType = sourcecode.c.h; path = ASIDownloadCache.h; sourceTree = "<group>"; };
		D657208E13C61A210002AA67 /* ASIFormDataRequest.h */ = {isa = PBXFileReference; fileEncoding = 4; lastKnownFileType = sourcecode.c.h; path = ASIFormDataRequest.h; sourceTree = "<group>"; };
		D657208F13C61A210002AA67 /* ASIHTTPRequest.h */ = {isa = PBXFileReference; fileEncoding = 4; lastKnownFileType = sourcecode.c.h; path = ASIHTTPRequest.h; sourceTree = "<group>"; };
		D657209013C61A210002AA67 /* ASIHTTPRequestConfig.h */ = {isa = PBXFileReference; fileEncoding = 4; lastKnownFileType = sourcecode.c.h; path = ASIHTTPRequestConfig.h; sourceTree = "<group>"; };
		D657209113C61A210002AA67 /* ASIHTTPRequestDelegate.h */ = {isa = PBXFileReference; fileEncoding = 4; lastKnownFileType = sourcecode.c.h; path = ASIHTTPRequestDelegate.h; sourceTree = "<group>"; };
		D657209213C61A210002AA67 /* ASIInputStream.h */ = {isa = PBXFileReference; fileEncoding = 4; lastKnownFileType = sourcecode.c.h; path = ASIInputStream.h; sourceTree = "<group>"; };
		D657209313C61A210002AA67 /* ASINetworkQueue.h */ = {isa = PBXFileReference; fileEncoding = 4; lastKnownFileType = sourcecode.c.h; path = ASINetworkQueue.h; sourceTree = "<group>"; };
		D657209413C61A210002AA67 /* ASIProgressDelegate.h */ = {isa = PBXFileReference; fileEncoding = 4; lastKnownFileType = sourcecode.c.h; path = ASIProgressDelegate.h; sourceTree = "<group>"; };
		D657209513C61A2A0002AA67 /* ASIAuthenticationDialog.m */ = {isa = PBXFileReference; fileEncoding = 4; lastKnownFileType = sourcecode.c.objc; path = ASIAuthenticationDialog.m; sourceTree = "<group>"; };
		D657209613C61A2A0002AA67 /* ASIDataCompressor.m */ = {isa = PBXFileReference; fileEncoding = 4; lastKnownFileType = sourcecode.c.objc; path = ASIDataCompressor.m; sourceTree = "<group>"; };
		D657209713C61A2A0002AA67 /* ASIDataDecompressor.m */ = {isa = PBXFileReference; fileEncoding = 4; lastKnownFileType = sourcecode.c.objc; path = ASIDataDecompressor.m; sourceTree = "<group>"; };
		D657209813C61A2A0002AA67 /* ASIDownloadCache.m */ = {isa = PBXFileReference; fileEncoding = 4; lastKnownFileType = sourcecode.c.objc; path = ASIDownloadCache.m; sourceTree = "<group>"; };
		D657209913C61A2A0002AA67 /* ASIFormDataRequest.m */ = {isa = PBXFileReference; fileEncoding = 4; lastKnownFileType = sourcecode.c.objc; path = ASIFormDataRequest.m; sourceTree = "<group>"; };
		D657209A13C61A2A0002AA67 /* ASIHTTPRequest.m */ = {isa = PBXFileReference; fileEncoding = 4; lastKnownFileType = sourcecode.c.objc; path = ASIHTTPRequest.m; sourceTree = "<group>"; };
		D657209B13C61A2A0002AA67 /* ASIInputStream.m */ = {isa = PBXFileReference; fileEncoding = 4; lastKnownFileType = sourcecode.c.objc; path = ASIInputStream.m; sourceTree = "<group>"; };
		D657209C13C61A2A0002AA67 /* ASINetworkQueue.m */ = {isa = PBXFileReference; fileEncoding = 4; lastKnownFileType = sourcecode.c.objc; path = ASINetworkQueue.m; sourceTree = "<group>"; };
		D65720A513C61A490002AA67 /* AQGridView.h */ = {isa = PBXFileReference; fileEncoding = 4; lastKnownFileType = sourcecode.c.h; path = AQGridView.h; sourceTree = "<group>"; };
		D65720A613C61A490002AA67 /* AQGridView+CellLayout.h */ = {isa = PBXFileReference; fileEncoding = 4; lastKnownFileType = sourcecode.c.h; path = "AQGridView+CellLayout.h"; sourceTree = "<group>"; };
		D65720A713C61A490002AA67 /* AQGridView+CellLocationDelegation.h */ = {isa = PBXFileReference; fileEncoding = 4; lastKnownFileType = sourcecode.c.h; path = "AQGridView+CellLocationDelegation.h"; sourceTree = "<group>"; };
		D65720A813C61A490002AA67 /* AQGridViewAnimatorItem.h */ = {isa = PBXFileReference; fileEncoding = 4; lastKnownFileType = sourcecode.c.h; path = AQGridViewAnimatorItem.h; sourceTree = "<group>"; };
		D65720A913C61A490002AA67 /* AQGridViewCell.h */ = {isa = PBXFileReference; fileEncoding = 4; lastKnownFileType = sourcecode.c.h; path = AQGridViewCell.h; sourceTree = "<group>"; };
		D65720AA13C61A490002AA67 /* AQGridViewCell+AQGridViewCellPrivate.h */ = {isa = PBXFileReference; fileEncoding = 4; lastKnownFileType = sourcecode.c.h; path = "AQGridViewCell+AQGridViewCellPrivate.h"; sourceTree = "<group>"; };
		D65720AB13C61A490002AA67 /* AQGridViewController.h */ = {isa = PBXFileReference; fileEncoding = 4; lastKnownFileType = sourcecode.c.h; path = AQGridViewController.h; sourceTree = "<group>"; };
		D65720AC13C61A490002AA67 /* AQGridViewData.h */ = {isa = PBXFileReference; fileEncoding = 4; lastKnownFileType = sourcecode.c.h; path = AQGridViewData.h; sourceTree = "<group>"; };
		D65720AD13C61A490002AA67 /* AQGridViewUpdateInfo.h */ = {isa = PBXFileReference; fileEncoding = 4; lastKnownFileType = sourcecode.c.h; path = AQGridViewUpdateInfo.h; sourceTree = "<group>"; };
		D65720AE13C61A490002AA67 /* AQGridViewUpdateItem.h */ = {isa = PBXFileReference; fileEncoding = 4; lastKnownFileType = sourcecode.c.h; path = AQGridViewUpdateItem.h; sourceTree = "<group>"; };
		D65720AF13C61A490002AA67 /* NSIndexSet+AQIndexesOutsideSet.h */ = {isa = PBXFileReference; fileEncoding = 4; lastKnownFileType = sourcecode.c.h; path = "NSIndexSet+AQIndexesOutsideSet.h"; sourceTree = "<group>"; };
		D65720B013C61A490002AA67 /* NSIndexSet+AQIsSetContiguous.h */ = {isa = PBXFileReference; fileEncoding = 4; lastKnownFileType = sourcecode.c.h; path = "NSIndexSet+AQIsSetContiguous.h"; sourceTree = "<group>"; };
		D65720B113C61A490002AA67 /* UIColor+AQGridView.h */ = {isa = PBXFileReference; fileEncoding = 4; lastKnownFileType = sourcecode.c.h; path = "UIColor+AQGridView.h"; sourceTree = "<group>"; };
		D65720B213C61A490002AA67 /* AQGridView.m */ = {isa = PBXFileReference; fileEncoding = 4; lastKnownFileType = sourcecode.c.objc; path = AQGridView.m; sourceTree = "<group>"; };
		D65720B313C61A490002AA67 /* AQGridViewAnimatorItem.m */ = {isa = PBXFileReference; fileEncoding = 4; lastKnownFileType = sourcecode.c.objc; path = AQGridViewAnimatorItem.m; sourceTree = "<group>"; };
		D65720B413C61A490002AA67 /* AQGridViewCell.m */ = {isa = PBXFileReference; fileEncoding = 4; lastKnownFileType = sourcecode.c.objc; path = AQGridViewCell.m; sourceTree = "<group>"; };
		D65720B513C61A490002AA67 /* AQGridViewController.m */ = {isa = PBXFileReference; fileEncoding = 4; lastKnownFileType = sourcecode.c.objc; path = AQGridViewController.m; sourceTree = "<group>"; };
		D65720B613C61A490002AA67 /* AQGridViewData.m */ = {isa = PBXFileReference; fileEncoding = 4; lastKnownFileType = sourcecode.c.objc; path = AQGridViewData.m; sourceTree = "<group>"; };
		D65720B713C61A490002AA67 /* AQGridViewUpdateInfo.m */ = {isa = PBXFileReference; fileEncoding = 4; lastKnownFileType = sourcecode.c.objc; path = AQGridViewUpdateInfo.m; sourceTree = "<group>"; };
		D65720B813C61A490002AA67 /* AQGridViewUpdateItem.m */ = {isa = PBXFileReference; fileEncoding = 4; lastKnownFileType = sourcecode.c.objc; path = AQGridViewUpdateItem.m; sourceTree = "<group>"; };
		D65720B913C61A490002AA67 /* NSIndexSet+AQIndexesOutsideSet.m */ = {isa = PBXFileReference; fileEncoding = 4; lastKnownFileType = sourcecode.c.objc; path = "NSIndexSet+AQIndexesOutsideSet.m"; sourceTree = "<group>"; };
		D65720BA13C61A490002AA67 /* NSIndexSet+AQIsSetContiguous.m */ = {isa = PBXFileReference; fileEncoding = 4; lastKnownFileType = sourcecode.c.objc; path = "NSIndexSet+AQIsSetContiguous.m"; sourceTree = "<group>"; };
		D65720BB13C61A490002AA67 /* UIColor+AQGridView.m */ = {isa = PBXFileReference; fileEncoding = 4; lastKnownFileType = sourcecode.c.objc; path = "UIColor+AQGridView.m"; sourceTree = "<group>"; };
		D65720C913C61B690002AA67 /* CDataScanner.h */ = {isa = PBXFileReference; fileEncoding = 4; lastKnownFileType = sourcecode.c.h; path = CDataScanner.h; sourceTree = "<group>"; };
		D65720CD13C61B690002AA67 /* CDataScanner.m */ = {isa = PBXFileReference; fileEncoding = 4; lastKnownFileType = sourcecode.c.objc; path = CDataScanner.m; sourceTree = "<group>"; };
		D65720D813C61D040002AA67 /* CJSONDeserializer.h */ = {isa = PBXFileReference; fileEncoding = 4; lastKnownFileType = sourcecode.c.h; path = CJSONDeserializer.h; sourceTree = "<group>"; };
		D65720D913C61D040002AA67 /* CJSONScanner.h */ = {isa = PBXFileReference; fileEncoding = 4; lastKnownFileType = sourcecode.c.h; path = CJSONScanner.h; sourceTree = "<group>"; };
		D65720DA13C61D040002AA67 /* CJSONSerializer.h */ = {isa = PBXFileReference; fileEncoding = 4; lastKnownFileType = sourcecode.c.h; path = CJSONSerializer.h; sourceTree = "<group>"; };
		D65720DB13C61D040002AA67 /* JSONRepresentation.h */ = {isa = PBXFileReference; fileEncoding = 4; lastKnownFileType = sourcecode.c.h; path = JSONRepresentation.h; sourceTree = "<group>"; };
		D65720DC13C61D040002AA67 /* CJSONDeserializer.m */ = {isa = PBXFileReference; fileEncoding = 4; lastKnownFileType = sourcecode.c.objc; path = CJSONDeserializer.m; sourceTree = "<group>"; };
		D65720DD13C61D040002AA67 /* CJSONScanner.m */ = {isa = PBXFileReference; fileEncoding = 4; lastKnownFileType = sourcecode.c.objc; path = CJSONScanner.m; sourceTree = "<group>"; };
		D65720DE13C61D040002AA67 /* CJSONSerializer.m */ = {isa = PBXFileReference; fileEncoding = 4; lastKnownFileType = sourcecode.c.objc; path = CJSONSerializer.m; sourceTree = "<group>"; };
		D65720E213C61D0F0002AA67 /* CDataScanner_Extensions.h */ = {isa = PBXFileReference; fileEncoding = 4; lastKnownFileType = sourcecode.c.h; path = CDataScanner_Extensions.h; sourceTree = "<group>"; };
		D65720E313C61D0F0002AA67 /* NSDictionary_JSONExtensions.h */ = {isa = PBXFileReference; fileEncoding = 4; lastKnownFileType = sourcecode.c.h; path = NSDictionary_JSONExtensions.h; sourceTree = "<group>"; };
		D65720E413C61D0F0002AA67 /* CDataScanner_Extensions.m */ = {isa = PBXFileReference; fileEncoding = 4; lastKnownFileType = sourcecode.c.objc; path = CDataScanner_Extensions.m; sourceTree = "<group>"; };
		D65720E513C61D0F0002AA67 /* NSDictionary_JSONExtensions.m */ = {isa = PBXFileReference; fileEncoding = 4; lastKnownFileType = sourcecode.c.objc; path = NSDictionary_JSONExtensions.m; sourceTree = "<group>"; };
		D65720E813C61D900002AA67 /* Section.h */ = {isa = PBXFileReference; fileEncoding = 4; lastKnownFileType = sourcecode.c.h; path = Section.h; sourceTree = "<group>"; };
		D65720E913C61D900002AA67 /* Section.m */ = {isa = PBXFileReference; fileEncoding = 4; lastKnownFileType = sourcecode.c.objc; path = Section.m; sourceTree = "<group>"; };
		D65720EF13C61DCF0002AA67 /* Chapter.h */ = {isa = PBXFileReference; fileEncoding = 4; lastKnownFileType = sourcecode.c.h; path = Chapter.h; sourceTree = "<group>"; };
		D65720F013C61DCF0002AA67 /* Chapter.m */ = {isa = PBXFileReference; fileEncoding = 4; lastKnownFileType = sourcecode.c.objc; path = Chapter.m; sourceTree = "<group>"; };
		D65720F213C61E280002AA67 /* ButtonGroup.h */ = {isa = PBXFileReference; fileEncoding = 4; lastKnownFileType = sourcecode.c.h; path = ButtonGroup.h; sourceTree = "<group>"; };
		D65720F313C61E280002AA67 /* ButtonGroup.m */ = {isa = PBXFileReference; fileEncoding = 4; lastKnownFileType = sourcecode.c.objc; path = ButtonGroup.m; sourceTree = "<group>"; };
		D65720F513C61E630002AA67 /* ButtonGroupButton.h */ = {isa = PBXFileReference; fileEncoding = 4; lastKnownFileType = sourcecode.c.h; path = ButtonGroupButton.h; sourceTree = "<group>"; };
		D65720F613C61E630002AA67 /* ButtonGroupButton.m */ = {isa = PBXFileReference; fileEncoding = 4; lastKnownFileType = sourcecode.c.objc; path = ButtonGroupButton.m; sourceTree = "<group>"; };
		D65720F813C61EB50002AA67 /* SectionCell.h */ = {isa = PBXFileReference; fileEncoding = 4; lastKnownFileType = sourcecode.c.h; path = SectionCell.h; sourceTree = "<group>"; };
		D65720F913C61EB50002AA67 /* SectionCell.m */ = {isa = PBXFileReference; fileEncoding = 4; lastKnownFileType = sourcecode.c.objc; path = SectionCell.m; sourceTree = "<group>"; };
		D657210013C61FC50002AA67 /* SectionsViewController.h */ = {isa = PBXFileReference; fileEncoding = 4; lastKnownFileType = sourcecode.c.h; path = SectionsViewController.h; sourceTree = "<group>"; };
		D657210113C61FC50002AA67 /* SectionsViewController.m */ = {isa = PBXFileReference; fileEncoding = 4; lastKnownFileType = sourcecode.c.objc; path = SectionsViewController.m; sourceTree = "<group>"; };
		D657210213C61FC50002AA67 /* SectionsViewController.xib */ = {isa = PBXFileReference; fileEncoding = 4; lastKnownFileType = file.xib; path = SectionsViewController.xib; sourceTree = "<group>"; };
		D657210513C61FE20002AA67 /* ChaptersViewController.h */ = {isa = PBXFileReference; fileEncoding = 4; lastKnownFileType = sourcecode.c.h; path = ChaptersViewController.h; sourceTree = "<group>"; };
		D657210613C61FE20002AA67 /* ChaptersViewController.m */ = {isa = PBXFileReference; fileEncoding = 4; lastKnownFileType = sourcecode.c.objc; path = ChaptersViewController.m; sourceTree = "<group>"; };
		D657210713C61FE20002AA67 /* ChaptersViewController.xib */ = {isa = PBXFileReference; fileEncoding = 4; lastKnownFileType = file.xib; path = ChaptersViewController.xib; sourceTree = "<group>"; };
		D657210A13C6200A0002AA67 /* PathologyViewController.h */ = {isa = PBXFileReference; fileEncoding = 4; lastKnownFileType = sourcecode.c.h; path = PathologyViewController.h; sourceTree = "<group>"; };
		D657210B13C6200A0002AA67 /* PathologyViewController.m */ = {isa = PBXFileReference; fileEncoding = 4; lastKnownFileType = sourcecode.c.objc; path = PathologyViewController.m; sourceTree = "<group>"; };
		D657210C13C6200A0002AA67 /* PathologyViewController.xib */ = {isa = PBXFileReference; fileEncoding = 4; lastKnownFileType = file.xib; path = PathologyViewController.xib; sourceTree = "<group>"; };
		D657210F13C6204D0002AA67 /* UserId.h */ = {isa = PBXFileReference; fileEncoding = 4; lastKnownFileType = sourcecode.c.h; path = UserId.h; sourceTree = "<group>"; };
		D657211013C6204D0002AA67 /* UserId.m */ = {isa = PBXFileReference; fileEncoding = 4; lastKnownFileType = sourcecode.c.objc; path = UserId.m; sourceTree = "<group>"; };
		D657211213C620790002AA67 /* GigaPixelViewController.h */ = {isa = PBXFileReference; fileEncoding = 4; lastKnownFileType = sourcecode.c.h; path = GigaPixelViewController.h; sourceTree = "<group>"; };
		D657211313C620790002AA67 /* GigaPixelViewController.m */ = {isa = PBXFileReference; fileEncoding = 4; lastKnownFileType = sourcecode.c.objc; path = GigaPixelViewController.m; sourceTree = "<group>"; };
		D657211413C620790002AA67 /* GigaPixelViewController.xib */ = {isa = PBXFileReference; fileEncoding = 4; lastKnownFileType = file.xib; path = GigaPixelViewController.xib; sourceTree = "<group>"; };
		D657211713C6233E0002AA67 /* CellLoading.h */ = {isa = PBXFileReference; fileEncoding = 4; lastKnownFileType = sourcecode.c.h; path = CellLoading.h; sourceTree = "<group>"; };
		D657211813C6233E0002AA67 /* CellLoading.m */ = {isa = PBXFileReference; fileEncoding = 4; lastKnownFileType = sourcecode.c.objc; path = CellLoading.m; sourceTree = "<group>"; };
		D657211A13C62ED50002AA67 /* ActorButtonBG.png */ = {isa = PBXFileReference; lastKnownFileType = image.png; path = ActorButtonBG.png; sourceTree = "<group>"; };
		D657211C13C62EE20002AA67 /* Chevron.png */ = {isa = PBXFileReference; lastKnownFileType = image.png; path = Chevron.png; sourceTree = "<group>"; };
		D657211E13C633060002AA67 /* WebViewController.h */ = {isa = PBXFileReference; fileEncoding = 4; lastKnownFileType = sourcecode.c.h; path = WebViewController.h; sourceTree = "<group>"; };
		D657211F13C633080002AA67 /* WebViewController.m */ = {isa = PBXFileReference; fileEncoding = 4; lastKnownFileType = sourcecode.c.objc; path = WebViewController.m; sourceTree = "<group>"; };
		D657212013C633090002AA67 /* WebViewController.xib */ = {isa = PBXFileReference; fileEncoding = 4; lastKnownFileType = file.xib; path = WebViewController.xib; sourceTree = "<group>"; };
		D657212313C642D40002AA67 /* ChapterCell.h */ = {isa = PBXFileReference; fileEncoding = 4; lastKnownFileType = sourcecode.c.h; path = ChapterCell.h; sourceTree = "<group>"; };
		D657212413C642D60002AA67 /* ChapterCell.m */ = {isa = PBXFileReference; fileEncoding = 4; lastKnownFileType = sourcecode.c.objc; path = ChapterCell.m; sourceTree = "<group>"; };
		D657212613C642ED0002AA67 /* SectionCell.xib */ = {isa = PBXFileReference; fileEncoding = 4; lastKnownFileType = file.xib; path = SectionCell.xib; sourceTree = "<group>"; };
		D657212813C644510002AA67 /* SectionBG.png */ = {isa = PBXFileReference; lastKnownFileType = image.png; path = SectionBG.png; sourceTree = "<group>"; };
		D67D3CA313C677A600ED0A59 /* ApplicationBG.png */ = {isa = PBXFileReference; lastKnownFileType = image.png; path = ApplicationBG.png; sourceTree = "<group>"; };
		D67D3CB613C6835600ED0A59 /* Pathology.plist */ = {isa = PBXFileReference; fileEncoding = 4; lastKnownFileType = text.plist.xml; path = Pathology.plist; sourceTree = "<group>"; };
		D67D3CB813C69E9F00ED0A59 /* ChapterCell.xib */ = {isa = PBXFileReference; fileEncoding = 4; lastKnownFileType = file.xib; path = ChapterCell.xib; sourceTree = "<group>"; };
		D67D3CBA13C69EF900ED0A59 /* InstantWatch.png */ = {isa = PBXFileReference; lastKnownFileType = image.png; path = InstantWatch.png; sourceTree = "<group>"; };
		D67D3CBC13C69F2000ED0A59 /* ExampleImage.jpg */ = {isa = PBXFileReference; lastKnownFileType = image.jpeg; path = ExampleImage.jpg; sourceTree = "<group>"; };
		D6F7E47313C76DE000A4C875 /* BoxOverlay.png */ = {isa = PBXFileReference; lastKnownFileType = image.png; path = BoxOverlay.png; sourceTree = "<group>"; };
		D6F7E47F13C7BA0100A4C875 /* b.jpg */ = {isa = PBXFileReference; lastKnownFileType = image.jpeg; path = b.jpg; sourceTree = "<group>"; };
		D6F7E48013C7BA0200A4C875 /* c.jpg */ = {isa = PBXFileReference; lastKnownFileType = image.jpeg; path = c.jpg; sourceTree = "<group>"; };
		D6F7E48113C7BA0200A4C875 /* d.jpg */ = {isa = PBXFileReference; lastKnownFileType = image.jpeg; path = d.jpg; sourceTree = "<group>"; };
		D6F7E48613C7BA4000A4C875 /* e.jpg */ = {isa = PBXFileReference; lastKnownFileType = image.jpeg; path = e.jpg; sourceTree = "<group>"; };
/* End PBXFileReference section */

/* Begin PBXFrameworksBuildPhase section */
		D657204713C617E80002AA67 /* Frameworks */ = {
			isa = PBXFrameworksBuildPhase;
			buildActionMask = 2147483647;
			files = (
				D657208013C6190A0002AA67 /* libz.1.2.3.dylib in Frameworks */,
				D657207E13C618FE0002AA67 /* SystemConfiguration.framework in Frameworks */,
				D657207C13C618F30002AA67 /* MobileCoreServices.framework in Frameworks */,
				D657207A13C618E70002AA67 /* CFNetwork.framework in Frameworks */,
				D657207813C618DD0002AA67 /* QuartzCore.framework in Frameworks */,
				D657204F13C617E80002AA67 /* UIKit.framework in Frameworks */,
				D657205113C617E80002AA67 /* Foundation.framework in Frameworks */,
				D657205313C617E80002AA67 /* CoreGraphics.framework in Frameworks */,
			);
			runOnlyForDeploymentPostprocessing = 0;
		};
/* End PBXFrameworksBuildPhase section */

/* Begin PBXGroup section */
		D657203F13C617E80002AA67 = {
			isa = PBXGroup;
			children = (
				D657205413C617E80002AA67 /* Pathology-interface */,
				D657204D13C617E80002AA67 /* Frameworks */,
				D657204B13C617E80002AA67 /* Products */,
			);
			sourceTree = "<group>";
		};
		D657204B13C617E80002AA67 /* Products */ = {
			isa = PBXGroup;
			children = (
				D657204A13C617E80002AA67 /* Pathology-interface.app */,
			);
			name = Products;
			sourceTree = "<group>";
		};
		D657204D13C617E80002AA67 /* Frameworks */ = {
			isa = PBXGroup;
			children = (
				D657207F13C6190A0002AA67 /* libz.1.2.3.dylib */,
				D657207D13C618FE0002AA67 /* SystemConfiguration.framework */,
				D657207B13C618F30002AA67 /* MobileCoreServices.framework */,
				D657207913C618E70002AA67 /* CFNetwork.framework */,
				D657207713C618DD0002AA67 /* QuartzCore.framework */,
				D657204E13C617E80002AA67 /* UIKit.framework */,
				D657205013C617E80002AA67 /* Foundation.framework */,
				D657205213C617E80002AA67 /* CoreGraphics.framework */,
			);
			name = Frameworks;
			sourceTree = "<group>";
		};
		D657205413C617E80002AA67 /* Pathology-interface */ = {
			isa = PBXGroup;
			children = (
				D65720C813C61AA90002AA67 /* Main Controller */,
				D65720C713C61A900002AA67 /* GigaPixel */,
				D657207313C618890002AA67 /* GridView */,
				D657207213C6185B0002AA67 /* Reachability2.0 */,
				D657207113C6183A0002AA67 /* ASIHTTPRequest */,
				D657207013C618240002AA67 /* TouchJSON */,
				D657205513C617E80002AA67 /* Supporting Files */,
			);
			path = "Pathology-interface";
			sourceTree = "<group>";
		};
		D657205513C617E80002AA67 /* Supporting Files */ = {
			isa = PBXGroup;
			children = (
				D6F7E48613C7BA4000A4C875 /* e.jpg */,
				D6F7E47F13C7BA0100A4C875 /* b.jpg */,
				D6F7E48013C7BA0200A4C875 /* c.jpg */,
				D6F7E48113C7BA0200A4C875 /* d.jpg */,
				D6F7E47313C76DE000A4C875 /* BoxOverlay.png */,
				D67D3CBC13C69F2000ED0A59 /* ExampleImage.jpg */,
				D67D3CBA13C69EF900ED0A59 /* InstantWatch.png */,
				D67D3CA313C677A600ED0A59 /* ApplicationBG.png */,
				D657212813C644510002AA67 /* SectionBG.png */,
				D657211C13C62EE20002AA67 /* Chevron.png */,
				D657211A13C62ED50002AA67 /* ActorButtonBG.png */,
				D657205613C617E80002AA67 /* Pathology-interface-Info.plist */,
				D657205713C617E80002AA67 /* InfoPlist.strings */,
				D657205A13C617E80002AA67 /* Pathology-interface-Prefix.pch */,
				D657205B13C617E80002AA67 /* main.m */,
				D67D3CB613C6835600ED0A59 /* Pathology.plist */,
			);
			name = "Supporting Files";
			sourceTree = "<group>";
		};
		D657207013C618240002AA67 /* TouchJSON */ = {
			isa = PBXGroup;
			children = (
				D65720E213C61D0F0002AA67 /* CDataScanner_Extensions.h */,
				D65720E313C61D0F0002AA67 /* NSDictionary_JSONExtensions.h */,
				D65720E413C61D0F0002AA67 /* CDataScanner_Extensions.m */,
				D65720E513C61D0F0002AA67 /* NSDictionary_JSONExtensions.m */,
				D65720D813C61D040002AA67 /* CJSONDeserializer.h */,
				D65720D913C61D040002AA67 /* CJSONScanner.h */,
				D65720DA13C61D040002AA67 /* CJSONSerializer.h */,
				D65720DB13C61D040002AA67 /* JSONRepresentation.h */,
				D65720DC13C61D040002AA67 /* CJSONDeserializer.m */,
				D65720DD13C61D040002AA67 /* CJSONScanner.m */,
				D65720DE13C61D040002AA67 /* CJSONSerializer.m */,
				D65720C913C61B690002AA67 /* CDataScanner.h */,
				D65720CD13C61B690002AA67 /* CDataScanner.m */,
			);
			name = TouchJSON;
			sourceTree = "<group>";
		};
		D657207113C6183A0002AA67 /* ASIHTTPRequest */ = {
			isa = PBXGroup;
			children = (
				D657209513C61A2A0002AA67 /* ASIAuthenticationDialog.m */,
				D657209613C61A2A0002AA67 /* ASIDataCompressor.m */,
				D657209713C61A2A0002AA67 /* ASIDataDecompressor.m */,
				D657209813C61A2A0002AA67 /* ASIDownloadCache.m */,
				D657209913C61A2A0002AA67 /* ASIFormDataRequest.m */,
				D657209A13C61A2A0002AA67 /* ASIHTTPRequest.m */,
				D657209B13C61A2A0002AA67 /* ASIInputStream.m */,
				D657209C13C61A2A0002AA67 /* ASINetworkQueue.m */,
				D657208913C61A210002AA67 /* ASIAuthenticationDialog.h */,
				D657208A13C61A210002AA67 /* ASICacheDelegate.h */,
				D657208B13C61A210002AA67 /* ASIDataCompressor.h */,
				D657208C13C61A210002AA67 /* ASIDataDecompressor.h */,
				D657208D13C61A210002AA67 /* ASIDownloadCache.h */,
				D657208E13C61A210002AA67 /* ASIFormDataRequest.h */,
				D657208F13C61A210002AA67 /* ASIHTTPRequest.h */,
				D657209013C61A210002AA67 /* ASIHTTPRequestConfig.h */,
				D657209113C61A210002AA67 /* ASIHTTPRequestDelegate.h */,
				D657209213C61A210002AA67 /* ASIInputStream.h */,
				D657209313C61A210002AA67 /* ASINetworkQueue.h */,
				D657209413C61A210002AA67 /* ASIProgressDelegate.h */,
			);
			name = ASIHTTPRequest;
			sourceTree = "<group>";
		};
		D657207213C6185B0002AA67 /* Reachability2.0 */ = {
			isa = PBXGroup;
			children = (
				D657207413C618BB0002AA67 /* Reachability.h */,
				D657207513C618BB0002AA67 /* Reachability.m */,
			);
			name = Reachability2.0;
			sourceTree = "<group>";
		};
		D657207313C618890002AA67 /* GridView */ = {
			isa = PBXGroup;
			children = (
				D65720A513C61A490002AA67 /* AQGridView.h */,
				D65720A613C61A490002AA67 /* AQGridView+CellLayout.h */,
				D65720A713C61A490002AA67 /* AQGridView+CellLocationDelegation.h */,
				D65720A813C61A490002AA67 /* AQGridViewAnimatorItem.h */,
				D65720A913C61A490002AA67 /* AQGridViewCell.h */,
				D65720AA13C61A490002AA67 /* AQGridViewCell+AQGridViewCellPrivate.h */,
				D65720AB13C61A490002AA67 /* AQGridViewController.h */,
				D65720AC13C61A490002AA67 /* AQGridViewData.h */,
				D65720AD13C61A490002AA67 /* AQGridViewUpdateInfo.h */,
				D65720AE13C61A490002AA67 /* AQGridViewUpdateItem.h */,
				D65720AF13C61A490002AA67 /* NSIndexSet+AQIndexesOutsideSet.h */,
				D65720B013C61A490002AA67 /* NSIndexSet+AQIsSetContiguous.h */,
				D65720B113C61A490002AA67 /* UIColor+AQGridView.h */,
				D65720B213C61A490002AA67 /* AQGridView.m */,
				D65720B313C61A490002AA67 /* AQGridViewAnimatorItem.m */,
				D65720B413C61A490002AA67 /* AQGridViewCell.m */,
				D65720B513C61A490002AA67 /* AQGridViewController.m */,
				D65720B613C61A490002AA67 /* AQGridViewData.m */,
				D65720B713C61A490002AA67 /* AQGridViewUpdateInfo.m */,
				D65720B813C61A490002AA67 /* AQGridViewUpdateItem.m */,
				D65720B913C61A490002AA67 /* NSIndexSet+AQIndexesOutsideSet.m */,
				D65720BA13C61A490002AA67 /* NSIndexSet+AQIsSetContiguous.m */,
				D65720BB13C61A490002AA67 /* UIColor+AQGridView.m */,
			);
			name = GridView;
			sourceTree = "<group>";
		};
		D65720C713C61A900002AA67 /* GigaPixel */ = {
			isa = PBXGroup;
			children = (
			);
			name = GigaPixel;
			sourceTree = "<group>";
		};
		D65720C813C61AA90002AA67 /* Main Controller */ = {
			isa = PBXGroup;
			children = (
				D657212613C642ED0002AA67 /* SectionCell.xib */,
				D65720EF13C61DCF0002AA67 /* Chapter.h */,
				D65720F013C61DCF0002AA67 /* Chapter.m */,
				D657205D13C617E80002AA67 /* Pathology_interfaceAppDelegate.h */,
				D657205E13C617E80002AA67 /* Pathology_interfaceAppDelegate.m */,
				D657206013C617E80002AA67 /* MainWindow.xib */,
				D65720E813C61D900002AA67 /* Section.h */,
				D65720E913C61D900002AA67 /* Section.m */,
				D65720F213C61E280002AA67 /* ButtonGroup.h */,
				D65720F313C61E280002AA67 /* ButtonGroup.m */,
				D65720F513C61E630002AA67 /* ButtonGroupButton.h */,
				D65720F613C61E630002AA67 /* ButtonGroupButton.m */,
				D65720F813C61EB50002AA67 /* SectionCell.h */,
				D65720F913C61EB50002AA67 /* SectionCell.m */,
				D657210013C61FC50002AA67 /* SectionsViewController.h */,
				D657210113C61FC50002AA67 /* SectionsViewController.m */,
				D657210213C61FC50002AA67 /* SectionsViewController.xib */,
				D657210513C61FE20002AA67 /* ChaptersViewController.h */,
				D657210613C61FE20002AA67 /* ChaptersViewController.m */,
				D657210713C61FE20002AA67 /* ChaptersViewController.xib */,
				D657210A13C6200A0002AA67 /* PathologyViewController.h */,
				D657210B13C6200A0002AA67 /* PathologyViewController.m */,
				D657210C13C6200A0002AA67 /* PathologyViewController.xib */,
				D657210F13C6204D0002AA67 /* UserId.h */,
				D657211013C6204D0002AA67 /* UserId.m */,
				D657211213C620790002AA67 /* GigaPixelViewController.h */,
				D657211313C620790002AA67 /* GigaPixelViewController.m */,
				D657211413C620790002AA67 /* GigaPixelViewController.xib */,
				D657211713C6233E0002AA67 /* CellLoading.h */,
				D657211813C6233E0002AA67 /* CellLoading.m */,
				D657211E13C633060002AA67 /* WebViewController.h */,
				D657211F13C633080002AA67 /* WebViewController.m */,
				D657212013C633090002AA67 /* WebViewController.xib */,
				D657212313C642D40002AA67 /* ChapterCell.h */,
				D67D3CB813C69E9F00ED0A59 /* ChapterCell.xib */,
				D657212413C642D60002AA67 /* ChapterCell.m */,
			);
			name = "Main Controller";
			sourceTree = "<group>";
		};
/* End PBXGroup section */

/* Begin PBXNativeTarget section */
		D657204913C617E80002AA67 /* Pathology-interface */ = {
			isa = PBXNativeTarget;
			buildConfigurationList = D657206513C617E80002AA67 /* Build configuration list for PBXNativeTarget "Pathology-interface" */;
			buildPhases = (
				D657204613C617E80002AA67 /* Sources */,
				D657204713C617E80002AA67 /* Frameworks */,
				D657204813C617E80002AA67 /* Resources */,
			);
			buildRules = (
			);
			dependencies = (
			);
			name = "Pathology-interface";
			productName = "Pathology-interface";
			productReference = D657204A13C617E80002AA67 /* Pathology-interface.app */;
			productType = "com.apple.product-type.application";
		};
/* End PBXNativeTarget section */

/* Begin PBXProject section */
		D657204113C617E80002AA67 /* Project object */ = {
			isa = PBXProject;
			attributes = {
				ORGANIZATIONNAME = "Harvard University Extension School";
			};
			buildConfigurationList = D657204413C617E80002AA67 /* Build configuration list for PBXProject "Pathology-interface" */;
			compatibilityVersion = "Xcode 3.2";
			developmentRegion = English;
			hasScannedForEncodings = 0;
			knownRegions = (
				en,
			);
			mainGroup = D657203F13C617E80002AA67;
			productRefGroup = D657204B13C617E80002AA67 /* Products */;
			projectDirPath = "";
			projectRoot = "";
			targets = (
				D657204913C617E80002AA67 /* Pathology-interface */,
			);
		};
/* End PBXProject section */

/* Begin PBXResourcesBuildPhase section */
		D657204813C617E80002AA67 /* Resources */ = {
			isa = PBXResourcesBuildPhase;
			buildActionMask = 2147483647;
			files = (
				D657205913C617E80002AA67 /* InfoPlist.strings in Resources */,
				D657206213C617E80002AA67 /* MainWindow.xib in Resources */,
				D657210413C61FC50002AA67 /* SectionsViewController.xib in Resources */,
				D657210913C61FE20002AA67 /* ChaptersViewController.xib in Resources */,
				D657210E13C6200B0002AA67 /* PathologyViewController.xib in Resources */,
				D657211613C6207A0002AA67 /* GigaPixelViewController.xib in Resources */,
				D657211B13C62ED50002AA67 /* ActorButtonBG.png in Resources */,
				D657211D13C62EE20002AA67 /* Chevron.png in Resources */,
				D657212213C6330A0002AA67 /* WebViewController.xib in Resources */,
				D657212713C642EE0002AA67 /* SectionCell.xib in Resources */,
				D657212913C644510002AA67 /* SectionBG.png in Resources */,
				D67D3CA413C677A600ED0A59 /* ApplicationBG.png in Resources */,
				D67D3CB713C6835600ED0A59 /* Pathology.plist in Resources */,
				D67D3CB913C69EA000ED0A59 /* ChapterCell.xib in Resources */,
				D67D3CBB13C69EF900ED0A59 /* InstantWatch.png in Resources */,
				D67D3CBD13C69F2000ED0A59 /* ExampleImage.jpg in Resources */,
				D6F7E47413C76DE000A4C875 /* BoxOverlay.png in Resources */,
				D6F7E48313C7BA0200A4C875 /* b.jpg in Resources */,
				D6F7E48413C7BA0200A4C875 /* c.jpg in Resources */,
				D6F7E48513C7BA0200A4C875 /* d.jpg in Resources */,
				D6F7E48713C7BA4000A4C875 /* e.jpg in Resources */,
			);
			runOnlyForDeploymentPostprocessing = 0;
		};
/* End PBXResourcesBuildPhase section */

/* Begin PBXSourcesBuildPhase section */
		D657204613C617E80002AA67 /* Sources */ = {
			isa = PBXSourcesBuildPhase;
			buildActionMask = 2147483647;
			files = (
				D657205C13C617E80002AA67 /* main.m in Sources */,
				D657205F13C617E80002AA67 /* Pathology_interfaceAppDelegate.m in Sources */,
				D657207613C618BB0002AA67 /* Reachability.m in Sources */,
				D657209D13C61A2A0002AA67 /* ASIAuthenticationDialog.m in Sources */,
				D657209E13C61A2A0002AA67 /* ASIDataCompressor.m in Sources */,
				D657209F13C61A2A0002AA67 /* ASIDataDecompressor.m in Sources */,
				D65720A013C61A2A0002AA67 /* ASIDownloadCache.m in Sources */,
				D65720A113C61A2A0002AA67 /* ASIFormDataRequest.m in Sources */,
				D65720A213C61A2A0002AA67 /* ASIHTTPRequest.m in Sources */,
				D65720A313C61A2A0002AA67 /* ASIInputStream.m in Sources */,
				D65720A413C61A2A0002AA67 /* ASINetworkQueue.m in Sources */,
				D65720BC13C61A490002AA67 /* AQGridView.m in Sources */,
				D65720BD13C61A490002AA67 /* AQGridViewAnimatorItem.m in Sources */,
				D65720BE13C61A490002AA67 /* AQGridViewCell.m in Sources */,
				D65720BF13C61A490002AA67 /* AQGridViewController.m in Sources */,
				D65720C013C61A490002AA67 /* AQGridViewData.m in Sources */,
				D65720C113C61A490002AA67 /* AQGridViewUpdateInfo.m in Sources */,
				D65720C213C61A490002AA67 /* AQGridViewUpdateItem.m in Sources */,
				D65720C313C61A490002AA67 /* NSIndexSet+AQIndexesOutsideSet.m in Sources */,
				D65720C413C61A490002AA67 /* NSIndexSet+AQIsSetContiguous.m in Sources */,
				D65720C513C61A490002AA67 /* UIColor+AQGridView.m in Sources */,
				D65720D113C61B690002AA67 /* CDataScanner.m in Sources */,
				D65720DF13C61D040002AA67 /* CJSONDeserializer.m in Sources */,
				D65720E013C61D040002AA67 /* CJSONScanner.m in Sources */,
				D65720E113C61D040002AA67 /* CJSONSerializer.m in Sources */,
				D65720E613C61D0F0002AA67 /* CDataScanner_Extensions.m in Sources */,
				D65720E713C61D0F0002AA67 /* NSDictionary_JSONExtensions.m in Sources */,
				D65720EA13C61D900002AA67 /* Section.m in Sources */,
				D65720F113C61DCF0002AA67 /* Chapter.m in Sources */,
				D65720F413C61E280002AA67 /* ButtonGroup.m in Sources */,
				D65720F713C61E630002AA67 /* ButtonGroupButton.m in Sources */,
				D65720FA13C61EB50002AA67 /* SectionCell.m in Sources */,
				D657210313C61FC50002AA67 /* SectionsViewController.m in Sources */,
				D657210813C61FE20002AA67 /* ChaptersViewController.m in Sources */,
				D657210D13C6200B0002AA67 /* PathologyViewController.m in Sources */,
				D657211113C6204E0002AA67 /* UserId.m in Sources */,
				D657211513C6207A0002AA67 /* GigaPixelViewController.m in Sources */,
				D657211913C6233F0002AA67 /* CellLoading.m in Sources */,
				D657212113C6330A0002AA67 /* WebViewController.m in Sources */,
				D657212513C642D70002AA67 /* ChapterCell.m in Sources */,
			);
			runOnlyForDeploymentPostprocessing = 0;
		};
/* End PBXSourcesBuildPhase section */

/* Begin PBXVariantGroup section */
		D657205713C617E80002AA67 /* InfoPlist.strings */ = {
			isa = PBXVariantGroup;
			children = (
				D657205813C617E80002AA67 /* en */,
			);
			name = InfoPlist.strings;
			sourceTree = "<group>";
		};
		D657206013C617E80002AA67 /* MainWindow.xib */ = {
			isa = PBXVariantGroup;
			children = (
				D657206113C617E80002AA67 /* en */,
			);
			name = MainWindow.xib;
			sourceTree = "<group>";
		};
/* End PBXVariantGroup section */

/* Begin XCBuildConfiguration section */
		D657206313C617E80002AA67 /* Debug */ = {
			isa = XCBuildConfiguration;
			buildSettings = {
				ARCHS = "$(ARCHS_UNIVERSAL_IPHONE_OS)";
				"CODE_SIGN_IDENTITY[sdk=iphoneos*]" = "iPhone Developer";
				GCC_C_LANGUAGE_STANDARD = gnu99;
				GCC_OPTIMIZATION_LEVEL = 0;
				GCC_PREPROCESSOR_DEFINITIONS = DEBUG;
				GCC_SYMBOLS_PRIVATE_EXTERN = NO;
				GCC_VERSION = com.apple.compilers.llvmgcc42;
				GCC_WARN_ABOUT_RETURN_TYPE = YES;
				GCC_WARN_UNUSED_VARIABLE = YES;
				IPHONEOS_DEPLOYMENT_TARGET = 4.3;
				SDKROOT = iphoneos;
				TARGETED_DEVICE_FAMILY = 2;
			};
			name = Debug;
		};
		D657206413C617E80002AA67 /* Release */ = {
			isa = XCBuildConfiguration;
			buildSettings = {
				ARCHS = "$(ARCHS_UNIVERSAL_IPHONE_OS)";
				"CODE_SIGN_IDENTITY[sdk=iphoneos*]" = "iPhone Developer";
				GCC_C_LANGUAGE_STANDARD = gnu99;
				GCC_VERSION = com.apple.compilers.llvmgcc42;
				GCC_WARN_ABOUT_RETURN_TYPE = YES;
				GCC_WARN_UNUSED_VARIABLE = YES;
				IPHONEOS_DEPLOYMENT_TARGET = 4.3;
				OTHER_CFLAGS = "-DNS_BLOCK_ASSERTIONS=1";
				SDKROOT = iphoneos;
				TARGETED_DEVICE_FAMILY = 2;
			};
			name = Release;
		};
		D657206613C617E80002AA67 /* Debug */ = {
			isa = XCBuildConfiguration;
			buildSettings = {
				ALWAYS_SEARCH_USER_PATHS = NO;
				COPY_PHASE_STRIP = NO;
				GCC_DYNAMIC_NO_PIC = NO;
				GCC_PRECOMPILE_PREFIX_HEADER = YES;
				GCC_PREFIX_HEADER = "Pathology-interface/Pathology-interface-Prefix.pch";
				INFOPLIST_FILE = "Pathology-interface/Pathology-interface-Info.plist";
				PRODUCT_NAME = "$(TARGET_NAME)";
				WRAPPER_EXTENSION = app;
			};
			name = Debug;
		};
		D657206713C617E80002AA67 /* Release */ = {
			isa = XCBuildConfiguration;
			buildSettings = {
				ALWAYS_SEARCH_USER_PATHS = NO;
				COPY_PHASE_STRIP = YES;
				GCC_PRECOMPILE_PREFIX_HEADER = YES;
				GCC_PREFIX_HEADER = "Pathology-interface/Pathology-interface-Prefix.pch";
				INFOPLIST_FILE = "Pathology-interface/Pathology-interface-Info.plist";
				PRODUCT_NAME = "$(TARGET_NAME)";
				VALIDATE_PRODUCT = YES;
				WRAPPER_EXTENSION = app;
			};
			name = Release;
		};
/* End XCBuildConfiguration section */

/* Begin XCConfigurationList section */
		D657204413C617E80002AA67 /* Build configuration list for PBXProject "Pathology-interface" */ = {
			isa = XCConfigurationList;
			buildConfigurations = (
				D657206313C617E80002AA67 /* Debug */,
				D657206413C617E80002AA67 /* Release */,
			);
			defaultConfigurationIsVisible = 0;
			defaultConfigurationName = Release;
		};
		D657206513C617E80002AA67 /* Build configuration list for PBXNativeTarget "Pathology-interface" */ = {
			isa = XCConfigurationList;
			buildConfigurations = (
				D657206613C617E80002AA67 /* Debug */,
				D657206713C617E80002AA67 /* Release */,
			);
			defaultConfigurationIsVisible = 0;
			defaultConfigurationName = Release;
		};
/* End XCConfigurationList section */
	};
	rootObject = D657204113C617E80002AA67 /* Project object */;
}
